// !$*UTF8*$!
{
	archiveVersion = 1;
	classes = {
	};
	objectVersion = 56;
	objects = {

/* Begin PBXBuildFile section */
		C11EB9782BF4266300163D56 /* DateFormatter.swift in Sources */ = {isa = PBXBuildFile; fileRef = C11EB9772BF4266300163D56 /* DateFormatter.swift */; };
		C12B97532BF8DE74000EB540 /* ProfileViewPresenter.swift in Sources */ = {isa = PBXBuildFile; fileRef = C12B97522BF8DE74000EB540 /* ProfileViewPresenter.swift */; };
		C136CA902BD64CD100E43028 /* UIBlockingProgressHUD.swift in Sources */ = {isa = PBXBuildFile; fileRef = C136CA8F2BD64CD100E43028 /* UIBlockingProgressHUD.swift */; };
		C136CA922BD6600300E43028 /* ProfileService.swift in Sources */ = {isa = PBXBuildFile; fileRef = C136CA912BD6600300E43028 /* ProfileService.swift */; };
		C136CA942BD662CC00E43028 /* ProfileResult.swift in Sources */ = {isa = PBXBuildFile; fileRef = C136CA932BD662CC00E43028 /* ProfileResult.swift */; };
		C136CA962BD6635400E43028 /* Profile.swift in Sources */ = {isa = PBXBuildFile; fileRef = C136CA952BD6635400E43028 /* Profile.swift */; };
		C136CA982BD832F000E43028 /* ProfileImageService.swift in Sources */ = {isa = PBXBuildFile; fileRef = C136CA972BD832F000E43028 /* ProfileImageService.swift */; };
		C136CA9A2BD8333200E43028 /* UserResult.swift in Sources */ = {isa = PBXBuildFile; fileRef = C136CA992BD8333200E43028 /* UserResult.swift */; };
		C136CA9C2BDABB3100E43028 /* AlertPresenter.swift in Sources */ = {isa = PBXBuildFile; fileRef = C136CA9B2BDABB3100E43028 /* AlertPresenter.swift */; };
		C136CAA62BDBA3D800E43028 /* TabBarController.swift in Sources */ = {isa = PBXBuildFile; fileRef = C136CAA52BDBA3D800E43028 /* TabBarController.swift */; };
		C14538882B9122E1003535E5 /* AppDelegate.swift in Sources */ = {isa = PBXBuildFile; fileRef = C14538872B9122E1003535E5 /* AppDelegate.swift */; };
		C145388A2B9122E1003535E5 /* SceneDelegate.swift in Sources */ = {isa = PBXBuildFile; fileRef = C14538892B9122E1003535E5 /* SceneDelegate.swift */; };
		C145388C2B9122E1003535E5 /* ImagesListViewController.swift in Sources */ = {isa = PBXBuildFile; fileRef = C145388B2B9122E1003535E5 /* ImagesListViewController.swift */; };
		C145388F2B9122E1003535E5 /* Main.storyboard in Resources */ = {isa = PBXBuildFile; fileRef = C145388D2B9122E1003535E5 /* Main.storyboard */; };
		C14538912B9122E3003535E5 /* Assets.xcassets in Resources */ = {isa = PBXBuildFile; fileRef = C14538902B9122E3003535E5 /* Assets.xcassets */; };
		C14538942B9122E3003535E5 /* LaunchScreen.storyboard in Resources */ = {isa = PBXBuildFile; fileRef = C14538922B9122E3003535E5 /* LaunchScreen.storyboard */; };
		C14538E72B93C1B7003535E5 /* ImagesListCell.swift in Sources */ = {isa = PBXBuildFile; fileRef = C14538E62B93C1B7003535E5 /* ImagesListCell.swift */; };
		C14EDD2F2BF08E1B00D6A35E /* ProfileLogoutService.swift in Sources */ = {isa = PBXBuildFile; fileRef = C14EDD2E2BF08E1B00D6A35E /* ProfileLogoutService.swift */; };
		C15A09272BE6BD2800E88000 /* ProgressHUD in Frameworks */ = {isa = PBXBuildFile; productRef = C15A09262BE6BD2800E88000 /* ProgressHUD */; };
		C15A092A2BE6BD4600E88000 /* SwiftKeychainWrapper in Frameworks */ = {isa = PBXBuildFile; productRef = C15A09292BE6BD4600E88000 /* SwiftKeychainWrapper */; };
		C15A092D2BE6BD5400E88000 /* Kingfisher in Frameworks */ = {isa = PBXBuildFile; productRef = C15A092C2BE6BD5400E88000 /* Kingfisher */; };
		C17BDBBA2B97AF7C00565288 /* UIView+Extensions.swift in Sources */ = {isa = PBXBuildFile; fileRef = C17BDBB92B97AF7C00565288 /* UIView+Extensions.swift */; };
		C1936A452BA466330023875A /* ProfileViewController.swift in Sources */ = {isa = PBXBuildFile; fileRef = C1936A442BA466330023875A /* ProfileViewController.swift */; };
		C1936A472BA630300023875A /* SingleImageViewController.swift in Sources */ = {isa = PBXBuildFile; fileRef = C1936A462BA630300023875A /* SingleImageViewController.swift */; };
		C19BEF312BDFB60F00796C0A /* ImagesListService.swift in Sources */ = {isa = PBXBuildFile; fileRef = C19BEF302BDFB60F00796C0A /* ImagesListService.swift */; };
		C19BEF332BDFB68500796C0A /* Photo.swift in Sources */ = {isa = PBXBuildFile; fileRef = C19BEF322BDFB68500796C0A /* Photo.swift */; };
		C19BEF352BDFC4FF00796C0A /* PhotoResult.swift in Sources */ = {isa = PBXBuildFile; fileRef = C19BEF342BDFC4FF00796C0A /* PhotoResult.swift */; };
		C1A64DCB2BF96B0C008032A0 /* ImagesListViewPresenter.swift in Sources */ = {isa = PBXBuildFile; fileRef = C1A64DCA2BF96B0C008032A0 /* ImagesListViewPresenter.swift */; };
		C1A994742BF74D1B00EDAA75 /* WebViewPresenter.swift in Sources */ = {isa = PBXBuildFile; fileRef = C1A994732BF74D1B00EDAA75 /* WebViewPresenter.swift */; };
		C1A994782BF7679000EDAA75 /* AuthHelperProtocol.swift in Sources */ = {isa = PBXBuildFile; fileRef = C1A994772BF7679000EDAA75 /* AuthHelperProtocol.swift */; };
		C1A9947A2BF767E200EDAA75 /* AuthHelper.swift in Sources */ = {isa = PBXBuildFile; fileRef = C1A994792BF767E200EDAA75 /* AuthHelper.swift */; };
		C1AB9C272C0C802F00210414 /* WebViewTests.swift in Sources */ = {isa = PBXBuildFile; fileRef = C1AB9C262C0C802F00210414 /* WebViewTests.swift */; };
		C1AB9C292C0C804800210414 /* WebViewViewControllerSpy.swift in Sources */ = {isa = PBXBuildFile; fileRef = C1AB9C282C0C804800210414 /* WebViewViewControllerSpy.swift */; };
		C1AB9C2B2C0C805900210414 /* WebViewPresenterSpy.swift in Sources */ = {isa = PBXBuildFile; fileRef = C1AB9C2A2C0C805900210414 /* WebViewPresenterSpy.swift */; };
		C1AB9C2D2C0C828D00210414 /* ProfileViewTests.swift in Sources */ = {isa = PBXBuildFile; fileRef = C1AB9C2C2C0C828D00210414 /* ProfileViewTests.swift */; };
		C1AB9C2F2C0C8C8800210414 /* ImagesListViewTests.swift in Sources */ = {isa = PBXBuildFile; fileRef = C1AB9C2E2C0C8C8800210414 /* ImagesListViewTests.swift */; };
		C1AB9C312C0C8CAF00210414 /* ImagesListViewPresenterSpy.swift in Sources */ = {isa = PBXBuildFile; fileRef = C1AB9C302C0C8CAF00210414 /* ImagesListViewPresenterSpy.swift */; };
		C1AB9C332C0C8CD400210414 /* ProfileViewPresenterSpy.swift in Sources */ = {isa = PBXBuildFile; fileRef = C1AB9C322C0C8CD400210414 /* ProfileViewPresenterSpy.swift */; };
		C1AB9C352C0C8CF200210414 /* ProfileViewControllerSpy.swift in Sources */ = {isa = PBXBuildFile; fileRef = C1AB9C342C0C8CF200210414 /* ProfileViewControllerSpy.swift */; };
		C1B10C552C07383400D3681E /* ImagesListViewControllerSpy.swift in Sources */ = {isa = PBXBuildFile; fileRef = C1B10C542C07383400D3681E /* ImagesListViewControllerSpy.swift */; };
		C1B10C5D2C077E7500D3681E /* ImageFeedUITests.swift in Sources */ = {isa = PBXBuildFile; fileRef = C1B10C5C2C077E7500D3681E /* ImageFeedUITests.swift */; };
		C1B5A7972BC1FF2400DDE2F9 /* OAuth2Service.swift in Sources */ = {isa = PBXBuildFile; fileRef = C1B5A7962BC1FF2400DDE2F9 /* OAuth2Service.swift */; };
		C1B5A7992BC21D8800DDE2F9 /* OAuthTokenResponseBody.swift in Sources */ = {isa = PBXBuildFile; fileRef = C1B5A7982BC21D8800DDE2F9 /* OAuthTokenResponseBody.swift */; };
		C1B5A79B2BC3426200DDE2F9 /* OAuth2TokenStorage.swift in Sources */ = {isa = PBXBuildFile; fileRef = C1B5A79A2BC3426200DDE2F9 /* OAuth2TokenStorage.swift */; };
		C1B651112BF2A08A00332EBF /* ImagesListCellDelegate.swift in Sources */ = {isa = PBXBuildFile; fileRef = C1B651102BF2A08A00332EBF /* ImagesListCellDelegate.swift */; };
		C1C058982BF212FB00945296 /* LikeResult.swift in Sources */ = {isa = PBXBuildFile; fileRef = C1C058972BF212FB00945296 /* LikeResult.swift */; };
		C1F387172BC3515600315568 /* SplashViewController.swift in Sources */ = {isa = PBXBuildFile; fileRef = C1F387162BC3515600315568 /* SplashViewController.swift */; };
		C1FF941C2BB76836001C8F2D /* AuthConfiguration.swift in Sources */ = {isa = PBXBuildFile; fileRef = C1FF941B2BB76836001C8F2D /* AuthConfiguration.swift */; };
		C1FF94222BB9F91A001C8F2D /* AuthViewController.swift in Sources */ = {isa = PBXBuildFile; fileRef = C1FF94212BB9F91A001C8F2D /* AuthViewController.swift */; };
		C1FF94242BB9FA66001C8F2D /* WebViewViewController.swift in Sources */ = {isa = PBXBuildFile; fileRef = C1FF94232BB9FA66001C8F2D /* WebViewViewController.swift */; };
		C1FF94272BBA0B9A001C8F2D /* WebViewViewControllerDelegate.swift in Sources */ = {isa = PBXBuildFile; fileRef = C1FF94262BBA0B9A001C8F2D /* WebViewViewControllerDelegate.swift */; };
		C1FF942D2BBDF34E001C8F2D /* URLSession+data.swift in Sources */ = {isa = PBXBuildFile; fileRef = C1FF942C2BBDF34E001C8F2D /* URLSession+data.swift */; };
/* End PBXBuildFile section */

/* Begin PBXContainerItemProxy section */
		C1B10C602C077E7500D3681E /* PBXContainerItemProxy */ = {
			isa = PBXContainerItemProxy;
			containerPortal = C145387C2B9122E1003535E5 /* Project object */;
			proxyType = 1;
			remoteGlobalIDString = C14538832B9122E1003535E5;
			remoteInfo = ImageFeed;
		};
		C1E7E04F2C053492008FBC6D /* PBXContainerItemProxy */ = {
			isa = PBXContainerItemProxy;
			containerPortal = C145387C2B9122E1003535E5 /* Project object */;
			proxyType = 1;
			remoteGlobalIDString = C14538832B9122E1003535E5;
			remoteInfo = ImageFeed;
		};
/* End PBXContainerItemProxy section */

/* Begin PBXFileReference section */
		C11EB9772BF4266300163D56 /* DateFormatter.swift */ = {isa = PBXFileReference; lastKnownFileType = sourcecode.swift; path = DateFormatter.swift; sourceTree = "<group>"; };
		C12B97522BF8DE74000EB540 /* ProfileViewPresenter.swift */ = {isa = PBXFileReference; lastKnownFileType = sourcecode.swift; path = ProfileViewPresenter.swift; sourceTree = "<group>"; };
		C136CA8F2BD64CD100E43028 /* UIBlockingProgressHUD.swift */ = {isa = PBXFileReference; lastKnownFileType = sourcecode.swift; path = UIBlockingProgressHUD.swift; sourceTree = "<group>"; };
		C136CA912BD6600300E43028 /* ProfileService.swift */ = {isa = PBXFileReference; lastKnownFileType = sourcecode.swift; path = ProfileService.swift; sourceTree = "<group>"; };
		C136CA932BD662CC00E43028 /* ProfileResult.swift */ = {isa = PBXFileReference; lastKnownFileType = sourcecode.swift; path = ProfileResult.swift; sourceTree = "<group>"; };
		C136CA952BD6635400E43028 /* Profile.swift */ = {isa = PBXFileReference; lastKnownFileType = sourcecode.swift; path = Profile.swift; sourceTree = "<group>"; };
		C136CA972BD832F000E43028 /* ProfileImageService.swift */ = {isa = PBXFileReference; lastKnownFileType = sourcecode.swift; path = ProfileImageService.swift; sourceTree = "<group>"; };
		C136CA992BD8333200E43028 /* UserResult.swift */ = {isa = PBXFileReference; lastKnownFileType = sourcecode.swift; path = UserResult.swift; sourceTree = "<group>"; };
		C136CA9B2BDABB3100E43028 /* AlertPresenter.swift */ = {isa = PBXFileReference; lastKnownFileType = sourcecode.swift; path = AlertPresenter.swift; sourceTree = "<group>"; };
		C136CAA52BDBA3D800E43028 /* TabBarController.swift */ = {isa = PBXFileReference; lastKnownFileType = sourcecode.swift; path = TabBarController.swift; sourceTree = "<group>"; };
		C14538842B9122E1003535E5 /* ImageFeed.app */ = {isa = PBXFileReference; explicitFileType = wrapper.application; includeInIndex = 0; path = ImageFeed.app; sourceTree = BUILT_PRODUCTS_DIR; };
		C14538872B9122E1003535E5 /* AppDelegate.swift */ = {isa = PBXFileReference; lastKnownFileType = sourcecode.swift; path = AppDelegate.swift; sourceTree = "<group>"; };
		C14538892B9122E1003535E5 /* SceneDelegate.swift */ = {isa = PBXFileReference; lastKnownFileType = sourcecode.swift; path = SceneDelegate.swift; sourceTree = "<group>"; };
		C145388B2B9122E1003535E5 /* ImagesListViewController.swift */ = {isa = PBXFileReference; lastKnownFileType = sourcecode.swift; path = ImagesListViewController.swift; sourceTree = "<group>"; };
		C145388E2B9122E1003535E5 /* Base */ = {isa = PBXFileReference; lastKnownFileType = file.storyboard; name = Base; path = Base.lproj/Main.storyboard; sourceTree = "<group>"; };
		C14538902B9122E3003535E5 /* Assets.xcassets */ = {isa = PBXFileReference; lastKnownFileType = folder.assetcatalog; path = Assets.xcassets; sourceTree = "<group>"; };
		C14538932B9122E3003535E5 /* Base */ = {isa = PBXFileReference; lastKnownFileType = file.storyboard; name = Base; path = Base.lproj/LaunchScreen.storyboard; sourceTree = "<group>"; };
		C14538952B9122E3003535E5 /* Info.plist */ = {isa = PBXFileReference; lastKnownFileType = text.plist.xml; path = Info.plist; sourceTree = "<group>"; };
		C14538E62B93C1B7003535E5 /* ImagesListCell.swift */ = {isa = PBXFileReference; lastKnownFileType = sourcecode.swift; path = ImagesListCell.swift; sourceTree = "<group>"; };
		C14EDD2E2BF08E1B00D6A35E /* ProfileLogoutService.swift */ = {isa = PBXFileReference; lastKnownFileType = sourcecode.swift; path = ProfileLogoutService.swift; sourceTree = "<group>"; };
		C159F3F52BE5933700717E4D /* en */ = {isa = PBXFileReference; lastKnownFileType = text.plist.strings; name = en; path = en.lproj/Main.strings; sourceTree = "<group>"; };
		C159F3F62BE5933700717E4D /* en */ = {isa = PBXFileReference; lastKnownFileType = text.plist.strings; name = en; path = en.lproj/LaunchScreen.strings; sourceTree = "<group>"; };
		C17BDBB92B97AF7C00565288 /* UIView+Extensions.swift */ = {isa = PBXFileReference; lastKnownFileType = sourcecode.swift; path = "UIView+Extensions.swift"; sourceTree = "<group>"; };
		C1936A442BA466330023875A /* ProfileViewController.swift */ = {isa = PBXFileReference; lastKnownFileType = sourcecode.swift; path = ProfileViewController.swift; sourceTree = "<group>"; };
		C1936A462BA630300023875A /* SingleImageViewController.swift */ = {isa = PBXFileReference; lastKnownFileType = sourcecode.swift; path = SingleImageViewController.swift; sourceTree = "<group>"; };
		C19BEF302BDFB60F00796C0A /* ImagesListService.swift */ = {isa = PBXFileReference; lastKnownFileType = sourcecode.swift; path = ImagesListService.swift; sourceTree = "<group>"; };
		C19BEF322BDFB68500796C0A /* Photo.swift */ = {isa = PBXFileReference; lastKnownFileType = sourcecode.swift; path = Photo.swift; sourceTree = "<group>"; };
		C19BEF342BDFC4FF00796C0A /* PhotoResult.swift */ = {isa = PBXFileReference; lastKnownFileType = sourcecode.swift; path = PhotoResult.swift; sourceTree = "<group>"; };
		C1A64DCA2BF96B0C008032A0 /* ImagesListViewPresenter.swift */ = {isa = PBXFileReference; lastKnownFileType = sourcecode.swift; path = ImagesListViewPresenter.swift; sourceTree = "<group>"; };
		C1A994732BF74D1B00EDAA75 /* WebViewPresenter.swift */ = {isa = PBXFileReference; lastKnownFileType = sourcecode.swift; path = WebViewPresenter.swift; sourceTree = "<group>"; };
		C1A994772BF7679000EDAA75 /* AuthHelperProtocol.swift */ = {isa = PBXFileReference; lastKnownFileType = sourcecode.swift; path = AuthHelperProtocol.swift; sourceTree = "<group>"; };
		C1A994792BF767E200EDAA75 /* AuthHelper.swift */ = {isa = PBXFileReference; lastKnownFileType = sourcecode.swift; path = AuthHelper.swift; sourceTree = "<group>"; };
		C1AB9C262C0C802F00210414 /* WebViewTests.swift */ = {isa = PBXFileReference; lastKnownFileType = sourcecode.swift; path = WebViewTests.swift; sourceTree = "<group>"; };
		C1AB9C282C0C804800210414 /* WebViewViewControllerSpy.swift */ = {isa = PBXFileReference; lastKnownFileType = sourcecode.swift; path = WebViewViewControllerSpy.swift; sourceTree = "<group>"; };
		C1AB9C2A2C0C805900210414 /* WebViewPresenterSpy.swift */ = {isa = PBXFileReference; lastKnownFileType = sourcecode.swift; path = WebViewPresenterSpy.swift; sourceTree = "<group>"; };
		C1AB9C2C2C0C828D00210414 /* ProfileViewTests.swift */ = {isa = PBXFileReference; lastKnownFileType = sourcecode.swift; path = ProfileViewTests.swift; sourceTree = "<group>"; };
		C1AB9C2E2C0C8C8800210414 /* ImagesListViewTests.swift */ = {isa = PBXFileReference; lastKnownFileType = sourcecode.swift; path = ImagesListViewTests.swift; sourceTree = "<group>"; };
		C1AB9C302C0C8CAF00210414 /* ImagesListViewPresenterSpy.swift */ = {isa = PBXFileReference; lastKnownFileType = sourcecode.swift; path = ImagesListViewPresenterSpy.swift; sourceTree = "<group>"; };
		C1AB9C322C0C8CD400210414 /* ProfileViewPresenterSpy.swift */ = {isa = PBXFileReference; lastKnownFileType = sourcecode.swift; path = ProfileViewPresenterSpy.swift; sourceTree = "<group>"; };
		C1AB9C342C0C8CF200210414 /* ProfileViewControllerSpy.swift */ = {isa = PBXFileReference; lastKnownFileType = sourcecode.swift; path = ProfileViewControllerSpy.swift; sourceTree = "<group>"; };
		C1B10C542C07383400D3681E /* ImagesListViewControllerSpy.swift */ = {isa = PBXFileReference; lastKnownFileType = sourcecode.swift; path = ImagesListViewControllerSpy.swift; sourceTree = "<group>"; };
		C1B10C5A2C077E7500D3681E /* ImageFeedUITests.xctest */ = {isa = PBXFileReference; explicitFileType = wrapper.cfbundle; includeInIndex = 0; path = ImageFeedUITests.xctest; sourceTree = BUILT_PRODUCTS_DIR; };
		C1B10C5C2C077E7500D3681E /* ImageFeedUITests.swift */ = {isa = PBXFileReference; lastKnownFileType = sourcecode.swift; path = ImageFeedUITests.swift; sourceTree = "<group>"; };
		C1B5A7962BC1FF2400DDE2F9 /* OAuth2Service.swift */ = {isa = PBXFileReference; lastKnownFileType = sourcecode.swift; path = OAuth2Service.swift; sourceTree = "<group>"; };
		C1B5A7982BC21D8800DDE2F9 /* OAuthTokenResponseBody.swift */ = {isa = PBXFileReference; lastKnownFileType = sourcecode.swift; path = OAuthTokenResponseBody.swift; sourceTree = "<group>"; };
		C1B5A79A2BC3426200DDE2F9 /* OAuth2TokenStorage.swift */ = {isa = PBXFileReference; lastKnownFileType = sourcecode.swift; path = OAuth2TokenStorage.swift; sourceTree = "<group>"; };
		C1B651102BF2A08A00332EBF /* ImagesListCellDelegate.swift */ = {isa = PBXFileReference; lastKnownFileType = sourcecode.swift; path = ImagesListCellDelegate.swift; sourceTree = "<group>"; };
		C1C058972BF212FB00945296 /* LikeResult.swift */ = {isa = PBXFileReference; lastKnownFileType = sourcecode.swift; path = LikeResult.swift; sourceTree = "<group>"; };
		C1E7E04B2C053492008FBC6D /* ImageFeedTests.xctest */ = {isa = PBXFileReference; explicitFileType = wrapper.cfbundle; includeInIndex = 0; path = ImageFeedTests.xctest; sourceTree = BUILT_PRODUCTS_DIR; };
		C1F387162BC3515600315568 /* SplashViewController.swift */ = {isa = PBXFileReference; lastKnownFileType = sourcecode.swift; path = SplashViewController.swift; sourceTree = "<group>"; };
		C1FF941B2BB76836001C8F2D /* AuthConfiguration.swift */ = {isa = PBXFileReference; lastKnownFileType = sourcecode.swift; path = AuthConfiguration.swift; sourceTree = "<group>"; };
		C1FF94212BB9F91A001C8F2D /* AuthViewController.swift */ = {isa = PBXFileReference; lastKnownFileType = sourcecode.swift; path = AuthViewController.swift; sourceTree = "<group>"; };
		C1FF94232BB9FA66001C8F2D /* WebViewViewController.swift */ = {isa = PBXFileReference; lastKnownFileType = sourcecode.swift; path = WebViewViewController.swift; sourceTree = "<group>"; };
		C1FF94262BBA0B9A001C8F2D /* WebViewViewControllerDelegate.swift */ = {isa = PBXFileReference; lastKnownFileType = sourcecode.swift; path = WebViewViewControllerDelegate.swift; sourceTree = "<group>"; };
		C1FF942C2BBDF34E001C8F2D /* URLSession+data.swift */ = {isa = PBXFileReference; lastKnownFileType = sourcecode.swift; path = "URLSession+data.swift"; sourceTree = "<group>"; };
/* End PBXFileReference section */

/* Begin PBXFrameworksBuildPhase section */
		C14538812B9122E1003535E5 /* Frameworks */ = {
			isa = PBXFrameworksBuildPhase;
			buildActionMask = 2147483647;
			files = (
				C15A092D2BE6BD5400E88000 /* Kingfisher in Frameworks */,
				C15A092A2BE6BD4600E88000 /* SwiftKeychainWrapper in Frameworks */,
				C15A09272BE6BD2800E88000 /* ProgressHUD in Frameworks */,
			);
			runOnlyForDeploymentPostprocessing = 0;
		};
		C1B10C572C077E7500D3681E /* Frameworks */ = {
			isa = PBXFrameworksBuildPhase;
			buildActionMask = 2147483647;
			files = (
			);
			runOnlyForDeploymentPostprocessing = 0;
		};
		C1E7E0482C053492008FBC6D /* Frameworks */ = {
			isa = PBXFrameworksBuildPhase;
			buildActionMask = 2147483647;
			files = (
			);
			runOnlyForDeploymentPostprocessing = 0;
		};
/* End PBXFrameworksBuildPhase section */

/* Begin PBXGroup section */
		C145387B2B9122E1003535E5 = {
			isa = PBXGroup;
			children = (
				C14538862B9122E1003535E5 /* ImageFeed */,
				C1E7E04C2C053492008FBC6D /* ImageFeedTests */,
				C1B10C5B2C077E7500D3681E /* ImageFeedUITests */,
				C14538852B9122E1003535E5 /* Products */,
			);
			sourceTree = "<group>";
		};
		C14538852B9122E1003535E5 /* Products */ = {
			isa = PBXGroup;
			children = (
				C14538842B9122E1003535E5 /* ImageFeed.app */,
				C1E7E04B2C053492008FBC6D /* ImageFeedTests.xctest */,
				C1B10C5A2C077E7500D3681E /* ImageFeedUITests.xctest */,
			);
			name = Products;
			sourceTree = "<group>";
		};
		C14538862B9122E1003535E5 /* ImageFeed */ = {
			isa = PBXGroup;
			children = (
				C1F387152BC3514200315568 /* SplashView */,
				C1FF94202BB9F905001C8F2D /* AuthView */,
				C14538E82B93C1E8003535E5 /* ImagesListView */,
				C1936A482BA633460023875A /* SingleImageView */,
				C1CA1A812BA33F6100C77734 /* ProfileView */,
				C1B651122BF2A12C00332EBF /* TabBar */,
				C1F0CC642BDECEDD00AEAED6 /* Models */,
				C1FF94252BBA0B86001C8F2D /* Services */,
				C145388D2B9122E1003535E5 /* Main.storyboard */,
				C17BDBB82B97AF4F00565288 /* Extensions */,
				C14538892B9122E1003535E5 /* SceneDelegate.swift */,
				C14538872B9122E1003535E5 /* AppDelegate.swift */,
				C14538922B9122E3003535E5 /* LaunchScreen.storyboard */,
				C14538902B9122E3003535E5 /* Assets.xcassets */,
				C14538952B9122E3003535E5 /* Info.plist */,
			);
			path = ImageFeed;
			sourceTree = "<group>";
		};
		C14538E82B93C1E8003535E5 /* ImagesListView */ = {
			isa = PBXGroup;
			children = (
				C145388B2B9122E1003535E5 /* ImagesListViewController.swift */,
				C14538E62B93C1B7003535E5 /* ImagesListCell.swift */,
				C1A64DCA2BF96B0C008032A0 /* ImagesListViewPresenter.swift */,
			);
			path = ImagesListView;
			sourceTree = "<group>";
		};
		C17BDBB82B97AF4F00565288 /* Extensions */ = {
			isa = PBXGroup;
			children = (
				C1FF942C2BBDF34E001C8F2D /* URLSession+data.swift */,
				C17BDBB92B97AF7C00565288 /* UIView+Extensions.swift */,
			);
			path = Extensions;
			sourceTree = "<group>";
		};
		C1936A482BA633460023875A /* SingleImageView */ = {
			isa = PBXGroup;
			children = (
				C1936A462BA630300023875A /* SingleImageViewController.swift */,
			);
			path = SingleImageView;
			sourceTree = "<group>";
		};
		C1B10C5B2C077E7500D3681E /* ImageFeedUITests */ = {
			isa = PBXGroup;
			children = (
				C1B10C5C2C077E7500D3681E /* ImageFeedUITests.swift */,
			);
			path = ImageFeedUITests;
			sourceTree = "<group>";
		};
		C1B651122BF2A12C00332EBF /* TabBar */ = {
			isa = PBXGroup;
			children = (
				C136CAA52BDBA3D800E43028 /* TabBarController.swift */,
			);
			path = TabBar;
			sourceTree = "<group>";
		};
		C1BAF0792C065F39005DE090 /* ImagesListView */ = {
			isa = PBXGroup;
			children = (
				C1B10C542C07383400D3681E /* ImagesListViewControllerSpy.swift */,
				C1AB9C2E2C0C8C8800210414 /* ImagesListViewTests.swift */,
				C1AB9C302C0C8CAF00210414 /* ImagesListViewPresenterSpy.swift */,
			);
			path = ImagesListView;
			sourceTree = "<group>";
		};
		C1CA1A812BA33F6100C77734 /* ProfileView */ = {
			isa = PBXGroup;
			children = (
				C1936A442BA466330023875A /* ProfileViewController.swift */,
				C12B97522BF8DE74000EB540 /* ProfileViewPresenter.swift */,
			);
			path = ProfileView;
			sourceTree = "<group>";
		};
		C1E7E04C2C053492008FBC6D /* ImageFeedTests */ = {
			isa = PBXGroup;
			children = (
				C1BAF0792C065F39005DE090 /* ImagesListView */,
				C1E7E0592C065462008FBC6D /* ProfileView */,
				C1E7E0542C065227008FBC6D /* WebView */,
			);
			path = ImageFeedTests;
			sourceTree = "<group>";
		};
		C1E7E0542C065227008FBC6D /* WebView */ = {
			isa = PBXGroup;
			children = (
				C1AB9C262C0C802F00210414 /* WebViewTests.swift */,
				C1AB9C282C0C804800210414 /* WebViewViewControllerSpy.swift */,
				C1AB9C2A2C0C805900210414 /* WebViewPresenterSpy.swift */,
			);
			path = WebView;
			sourceTree = "<group>";
		};
		C1E7E0592C065462008FBC6D /* ProfileView */ = {
			isa = PBXGroup;
			children = (
				C1AB9C2C2C0C828D00210414 /* ProfileViewTests.swift */,
				C1AB9C322C0C8CD400210414 /* ProfileViewPresenterSpy.swift */,
				C1AB9C342C0C8CF200210414 /* ProfileViewControllerSpy.swift */,
			);
			path = ProfileView;
			sourceTree = "<group>";
		};
		C1F0CC642BDECEDD00AEAED6 /* Models */ = {
			isa = PBXGroup;
			children = (
				C1B5A7982BC21D8800DDE2F9 /* OAuthTokenResponseBody.swift */,
				C136CA952BD6635400E43028 /* Profile.swift */,
				C136CA932BD662CC00E43028 /* ProfileResult.swift */,
				C136CA992BD8333200E43028 /* UserResult.swift */,
				C19BEF322BDFB68500796C0A /* Photo.swift */,
				C19BEF342BDFC4FF00796C0A /* PhotoResult.swift */,
				C1C058972BF212FB00945296 /* LikeResult.swift */,
			);
			path = Models;
			sourceTree = "<group>";
		};
		C1F387152BC3514200315568 /* SplashView */ = {
			isa = PBXGroup;
			children = (
				C1F387162BC3515600315568 /* SplashViewController.swift */,
			);
			path = SplashView;
			sourceTree = "<group>";
		};
		C1FF94202BB9F905001C8F2D /* AuthView */ = {
			isa = PBXGroup;
			children = (
				C1FF94212BB9F91A001C8F2D /* AuthViewController.swift */,
				C1FF94232BB9FA66001C8F2D /* WebViewViewController.swift */,
				C1A994732BF74D1B00EDAA75 /* WebViewPresenter.swift */,
			);
			path = AuthView;
			sourceTree = "<group>";
		};
		C1FF94252BBA0B86001C8F2D /* Services */ = {
			isa = PBXGroup;
			children = (
				C1B5A7962BC1FF2400DDE2F9 /* OAuth2Service.swift */,
				C136CA912BD6600300E43028 /* ProfileService.swift */,
				C136CA972BD832F000E43028 /* ProfileImageService.swift */,
				C19BEF302BDFB60F00796C0A /* ImagesListService.swift */,
				C14EDD2E2BF08E1B00D6A35E /* ProfileLogoutService.swift */,
				C1B651102BF2A08A00332EBF /* ImagesListCellDelegate.swift */,
				C1FF94262BBA0B9A001C8F2D /* WebViewViewControllerDelegate.swift */,
				C136CA9B2BDABB3100E43028 /* AlertPresenter.swift */,
				C136CA8F2BD64CD100E43028 /* UIBlockingProgressHUD.swift */,
				C1B5A79A2BC3426200DDE2F9 /* OAuth2TokenStorage.swift */,
				C1FF941B2BB76836001C8F2D /* AuthConfiguration.swift */,
				C11EB9772BF4266300163D56 /* DateFormatter.swift */,
				C1A994772BF7679000EDAA75 /* AuthHelperProtocol.swift */,
				C1A994792BF767E200EDAA75 /* AuthHelper.swift */,
			);
			path = Services;
			sourceTree = "<group>";
		};
/* End PBXGroup section */

/* Begin PBXNativeTarget section */
		C14538832B9122E1003535E5 /* ImageFeed */ = {
			isa = PBXNativeTarget;
			buildConfigurationList = C14538982B9122E3003535E5 /* Build configuration list for PBXNativeTarget "ImageFeed" */;
			buildPhases = (
				C14538802B9122E1003535E5 /* Sources */,
				C14538812B9122E1003535E5 /* Frameworks */,
				C14538822B9122E1003535E5 /* Resources */,
			);
			buildRules = (
			);
			dependencies = (
			);
			name = ImageFeed;
			packageProductDependencies = (
				C15A09262BE6BD2800E88000 /* ProgressHUD */,
				C15A09292BE6BD4600E88000 /* SwiftKeychainWrapper */,
				C15A092C2BE6BD5400E88000 /* Kingfisher */,
			);
			productName = ImageFeed;
			productReference = C14538842B9122E1003535E5 /* ImageFeed.app */;
			productType = "com.apple.product-type.application";
		};
		C1B10C592C077E7500D3681E /* ImageFeedUITests */ = {
			isa = PBXNativeTarget;
			buildConfigurationList = C1B10C622C077E7500D3681E /* Build configuration list for PBXNativeTarget "ImageFeedUITests" */;
			buildPhases = (
				C1B10C562C077E7500D3681E /* Sources */,
				C1B10C572C077E7500D3681E /* Frameworks */,
				C1B10C582C077E7500D3681E /* Resources */,
			);
			buildRules = (
			);
			dependencies = (
				C1B10C612C077E7500D3681E /* PBXTargetDependency */,
			);
			name = ImageFeedUITests;
			productName = ImageFeedUITests;
			productReference = C1B10C5A2C077E7500D3681E /* ImageFeedUITests.xctest */;
			productType = "com.apple.product-type.bundle.ui-testing";
		};
		C1E7E04A2C053492008FBC6D /* ImageFeedTests */ = {
			isa = PBXNativeTarget;
			buildConfigurationList = C1E7E0512C053492008FBC6D /* Build configuration list for PBXNativeTarget "ImageFeedTests" */;
			buildPhases = (
				C1E7E0472C053492008FBC6D /* Sources */,
				C1E7E0482C053492008FBC6D /* Frameworks */,
				C1E7E0492C053492008FBC6D /* Resources */,
			);
			buildRules = (
			);
			dependencies = (
				C1E7E0502C053492008FBC6D /* PBXTargetDependency */,
			);
			name = ImageFeedTests;
			productName = ImageFeedTests;
			productReference = C1E7E04B2C053492008FBC6D /* ImageFeedTests.xctest */;
			productType = "com.apple.product-type.bundle.unit-test";
		};
/* End PBXNativeTarget section */

/* Begin PBXProject section */
		C145387C2B9122E1003535E5 /* Project object */ = {
			isa = PBXProject;
			attributes = {
				BuildIndependentTargetsInParallel = 1;
				LastSwiftUpdateCheck = 1540;
				LastUpgradeCheck = 1520;
				TargetAttributes = {
					C14538832B9122E1003535E5 = {
						CreatedOnToolsVersion = 15.2;
					};
					C1B10C592C077E7500D3681E = {
						CreatedOnToolsVersion = 15.4;
						TestTargetID = C14538832B9122E1003535E5;
					};
					C1E7E04A2C053492008FBC6D = {
						CreatedOnToolsVersion = 15.4;
						TestTargetID = C14538832B9122E1003535E5;
					};
				};
			};
			buildConfigurationList = C145387F2B9122E1003535E5 /* Build configuration list for PBXProject "ImageFeed" */;
			compatibilityVersion = "Xcode 14.0";
			developmentRegion = en;
			hasScannedForEncodings = 0;
			knownRegions = (
				Base,
				en,
			);
			mainGroup = C145387B2B9122E1003535E5;
			packageReferences = (
				C15A09252BE6BD2800E88000 /* XCRemoteSwiftPackageReference "ProgressHUD" */,
				C15A09282BE6BD4600E88000 /* XCRemoteSwiftPackageReference "SwiftKeychainWrapper" */,
				C15A092B2BE6BD5400E88000 /* XCRemoteSwiftPackageReference "Kingfisher" */,
			);
			productRefGroup = C14538852B9122E1003535E5 /* Products */;
			projectDirPath = "";
			projectRoot = "";
			targets = (
				C14538832B9122E1003535E5 /* ImageFeed */,
				C1E7E04A2C053492008FBC6D /* ImageFeedTests */,
				C1B10C592C077E7500D3681E /* ImageFeedUITests */,
			);
		};
/* End PBXProject section */

/* Begin PBXResourcesBuildPhase section */
		C14538822B9122E1003535E5 /* Resources */ = {
			isa = PBXResourcesBuildPhase;
			buildActionMask = 2147483647;
			files = (
				C14538942B9122E3003535E5 /* LaunchScreen.storyboard in Resources */,
				C14538912B9122E3003535E5 /* Assets.xcassets in Resources */,
				C145388F2B9122E1003535E5 /* Main.storyboard in Resources */,
			);
			runOnlyForDeploymentPostprocessing = 0;
		};
		C1B10C582C077E7500D3681E /* Resources */ = {
			isa = PBXResourcesBuildPhase;
			buildActionMask = 2147483647;
			files = (
			);
			runOnlyForDeploymentPostprocessing = 0;
		};
		C1E7E0492C053492008FBC6D /* Resources */ = {
			isa = PBXResourcesBuildPhase;
			buildActionMask = 2147483647;
			files = (
			);
			runOnlyForDeploymentPostprocessing = 0;
		};
/* End PBXResourcesBuildPhase section */

/* Begin PBXSourcesBuildPhase section */
		C14538802B9122E1003535E5 /* Sources */ = {
			isa = PBXSourcesBuildPhase;
			buildActionMask = 2147483647;
			files = (
				C19BEF312BDFB60F00796C0A /* ImagesListService.swift in Sources */,
				C1FF942D2BBDF34E001C8F2D /* URLSession+data.swift in Sources */,
				C1A994742BF74D1B00EDAA75 /* WebViewPresenter.swift in Sources */,
				C136CA962BD6635400E43028 /* Profile.swift in Sources */,
				C1FF94242BB9FA66001C8F2D /* WebViewViewController.swift in Sources */,
				C1A994782BF7679000EDAA75 /* AuthHelperProtocol.swift in Sources */,
				C136CA942BD662CC00E43028 /* ProfileResult.swift in Sources */,
				C12B97532BF8DE74000EB540 /* ProfileViewPresenter.swift in Sources */,
				C1B5A7972BC1FF2400DDE2F9 /* OAuth2Service.swift in Sources */,
				C1C058982BF212FB00945296 /* LikeResult.swift in Sources */,
				C19BEF352BDFC4FF00796C0A /* PhotoResult.swift in Sources */,
				C1A64DCB2BF96B0C008032A0 /* ImagesListViewPresenter.swift in Sources */,
				C19BEF332BDFB68500796C0A /* Photo.swift in Sources */,
				C1936A452BA466330023875A /* ProfileViewController.swift in Sources */,
				C145388C2B9122E1003535E5 /* ImagesListViewController.swift in Sources */,
				C14538E72B93C1B7003535E5 /* ImagesListCell.swift in Sources */,
				C1936A472BA630300023875A /* SingleImageViewController.swift in Sources */,
				C1A9947A2BF767E200EDAA75 /* AuthHelper.swift in Sources */,
				C136CAA62BDBA3D800E43028 /* TabBarController.swift in Sources */,
				C17BDBBA2B97AF7C00565288 /* UIView+Extensions.swift in Sources */,
				C14538882B9122E1003535E5 /* AppDelegate.swift in Sources */,
				C136CA9A2BD8333200E43028 /* UserResult.swift in Sources */,
				C1FF94272BBA0B9A001C8F2D /* WebViewViewControllerDelegate.swift in Sources */,
				C1B5A7992BC21D8800DDE2F9 /* OAuthTokenResponseBody.swift in Sources */,
				C136CA922BD6600300E43028 /* ProfileService.swift in Sources */,
				C136CA9C2BDABB3100E43028 /* AlertPresenter.swift in Sources */,
				C11EB9782BF4266300163D56 /* DateFormatter.swift in Sources */,
				C145388A2B9122E1003535E5 /* SceneDelegate.swift in Sources */,
				C136CA982BD832F000E43028 /* ProfileImageService.swift in Sources */,
				C1B5A79B2BC3426200DDE2F9 /* OAuth2TokenStorage.swift in Sources */,
				C1FF94222BB9F91A001C8F2D /* AuthViewController.swift in Sources */,
				C1FF941C2BB76836001C8F2D /* AuthConfiguration.swift in Sources */,
				C1B651112BF2A08A00332EBF /* ImagesListCellDelegate.swift in Sources */,
				C14EDD2F2BF08E1B00D6A35E /* ProfileLogoutService.swift in Sources */,
				C1F387172BC3515600315568 /* SplashViewController.swift in Sources */,
				C136CA902BD64CD100E43028 /* UIBlockingProgressHUD.swift in Sources */,
			);
			runOnlyForDeploymentPostprocessing = 0;
		};
		C1B10C562C077E7500D3681E /* Sources */ = {
			isa = PBXSourcesBuildPhase;
			buildActionMask = 2147483647;
			files = (
				C1B10C5D2C077E7500D3681E /* ImageFeedUITests.swift in Sources */,
			);
			runOnlyForDeploymentPostprocessing = 0;
		};
		C1E7E0472C053492008FBC6D /* Sources */ = {
			isa = PBXSourcesBuildPhase;
			buildActionMask = 2147483647;
			files = (
				C1AB9C2F2C0C8C8800210414 /* ImagesListViewTests.swift in Sources */,
				C1AB9C2B2C0C805900210414 /* WebViewPresenterSpy.swift in Sources */,
				C1AB9C292C0C804800210414 /* WebViewViewControllerSpy.swift in Sources */,
				C1B10C552C07383400D3681E /* ImagesListViewControllerSpy.swift in Sources */,
				C1AB9C312C0C8CAF00210414 /* ImagesListViewPresenterSpy.swift in Sources */,
				C1AB9C332C0C8CD400210414 /* ProfileViewPresenterSpy.swift in Sources */,
				C1AB9C272C0C802F00210414 /* WebViewTests.swift in Sources */,
				C1AB9C2D2C0C828D00210414 /* ProfileViewTests.swift in Sources */,
				C1AB9C352C0C8CF200210414 /* ProfileViewControllerSpy.swift in Sources */,
			);
			runOnlyForDeploymentPostprocessing = 0;
		};
/* End PBXSourcesBuildPhase section */

/* Begin PBXTargetDependency section */
		C1B10C612C077E7500D3681E /* PBXTargetDependency */ = {
			isa = PBXTargetDependency;
			target = C14538832B9122E1003535E5 /* ImageFeed */;
			targetProxy = C1B10C602C077E7500D3681E /* PBXContainerItemProxy */;
		};
		C1E7E0502C053492008FBC6D /* PBXTargetDependency */ = {
			isa = PBXTargetDependency;
			target = C14538832B9122E1003535E5 /* ImageFeed */;
			targetProxy = C1E7E04F2C053492008FBC6D /* PBXContainerItemProxy */;
		};
/* End PBXTargetDependency section */

/* Begin PBXVariantGroup section */
		C145388D2B9122E1003535E5 /* Main.storyboard */ = {
			isa = PBXVariantGroup;
			children = (
				C145388E2B9122E1003535E5 /* Base */,
				C159F3F52BE5933700717E4D /* en */,
			);
			name = Main.storyboard;
			sourceTree = "<group>";
		};
		C14538922B9122E3003535E5 /* LaunchScreen.storyboard */ = {
			isa = PBXVariantGroup;
			children = (
				C14538932B9122E3003535E5 /* Base */,
				C159F3F62BE5933700717E4D /* en */,
			);
			name = LaunchScreen.storyboard;
			sourceTree = "<group>";
		};
/* End PBXVariantGroup section */

/* Begin XCBuildConfiguration section */
		C14538962B9122E3003535E5 /* Debug */ = {
			isa = XCBuildConfiguration;
			buildSettings = {
				ALWAYS_SEARCH_USER_PATHS = NO;
				ASSETCATALOG_COMPILER_GENERATE_SWIFT_ASSET_SYMBOL_EXTENSIONS = YES;
				CLANG_ANALYZER_LOCALIZABILITY_NONLOCALIZED = YES;
				CLANG_ANALYZER_NONNULL = YES;
				CLANG_ANALYZER_NUMBER_OBJECT_CONVERSION = YES_AGGRESSIVE;
				CLANG_CXX_LANGUAGE_STANDARD = "gnu++20";
				CLANG_ENABLE_MODULES = YES;
				CLANG_ENABLE_OBJC_ARC = YES;
				CLANG_ENABLE_OBJC_WEAK = YES;
				CLANG_WARN_BLOCK_CAPTURE_AUTORELEASING = YES;
				CLANG_WARN_BOOL_CONVERSION = YES;
				CLANG_WARN_COMMA = YES;
				CLANG_WARN_CONSTANT_CONVERSION = YES;
				CLANG_WARN_DEPRECATED_OBJC_IMPLEMENTATIONS = YES;
				CLANG_WARN_DIRECT_OBJC_ISA_USAGE = YES_ERROR;
				CLANG_WARN_DOCUMENTATION_COMMENTS = YES;
				CLANG_WARN_EMPTY_BODY = YES;
				CLANG_WARN_ENUM_CONVERSION = YES;
				CLANG_WARN_INFINITE_RECURSION = YES;
				CLANG_WARN_INT_CONVERSION = YES;
				CLANG_WARN_NON_LITERAL_NULL_CONVERSION = YES;
				CLANG_WARN_OBJC_IMPLICIT_RETAIN_SELF = YES;
				CLANG_WARN_OBJC_LITERAL_CONVERSION = YES;
				CLANG_WARN_OBJC_ROOT_CLASS = YES_ERROR;
				CLANG_WARN_QUOTED_INCLUDE_IN_FRAMEWORK_HEADER = YES;
				CLANG_WARN_RANGE_LOOP_ANALYSIS = YES;
				CLANG_WARN_STRICT_PROTOTYPES = YES;
				CLANG_WARN_SUSPICIOUS_MOVE = YES;
				CLANG_WARN_UNGUARDED_AVAILABILITY = YES_AGGRESSIVE;
				CLANG_WARN_UNREACHABLE_CODE = YES;
				CLANG_WARN__DUPLICATE_METHOD_MATCH = YES;
				COPY_PHASE_STRIP = NO;
				DEBUG_INFORMATION_FORMAT = dwarf;
				ENABLE_STRICT_OBJC_MSGSEND = YES;
				ENABLE_TESTABILITY = YES;
				ENABLE_USER_SCRIPT_SANDBOXING = YES;
				GCC_C_LANGUAGE_STANDARD = gnu17;
				GCC_DYNAMIC_NO_PIC = NO;
				GCC_NO_COMMON_BLOCKS = YES;
				GCC_OPTIMIZATION_LEVEL = 0;
				GCC_PREPROCESSOR_DEFINITIONS = (
					"DEBUG=1",
					"$(inherited)",
				);
				GCC_WARN_64_TO_32_BIT_CONVERSION = YES;
				GCC_WARN_ABOUT_RETURN_TYPE = YES_ERROR;
				GCC_WARN_UNDECLARED_SELECTOR = YES;
				GCC_WARN_UNINITIALIZED_AUTOS = YES_AGGRESSIVE;
				GCC_WARN_UNUSED_FUNCTION = YES;
				GCC_WARN_UNUSED_VARIABLE = YES;
				IPHONEOS_DEPLOYMENT_TARGET = 13.0;
				LOCALIZATION_PREFERS_STRING_CATALOGS = YES;
				MTL_ENABLE_DEBUG_INFO = INCLUDE_SOURCE;
				MTL_FAST_MATH = YES;
				ONLY_ACTIVE_ARCH = YES;
				SDKROOT = iphoneos;
				SWIFT_ACTIVE_COMPILATION_CONDITIONS = "DEBUG $(inherited)";
				SWIFT_OPTIMIZATION_LEVEL = "-Onone";
				SWIFT_VERSION = 5.0;
			};
			name = Debug;
		};
		C14538972B9122E3003535E5 /* Release */ = {
			isa = XCBuildConfiguration;
			buildSettings = {
				ALWAYS_SEARCH_USER_PATHS = NO;
				ASSETCATALOG_COMPILER_GENERATE_SWIFT_ASSET_SYMBOL_EXTENSIONS = YES;
				CLANG_ANALYZER_LOCALIZABILITY_NONLOCALIZED = YES;
				CLANG_ANALYZER_NONNULL = YES;
				CLANG_ANALYZER_NUMBER_OBJECT_CONVERSION = YES_AGGRESSIVE;
				CLANG_CXX_LANGUAGE_STANDARD = "gnu++20";
				CLANG_ENABLE_MODULES = YES;
				CLANG_ENABLE_OBJC_ARC = YES;
				CLANG_ENABLE_OBJC_WEAK = YES;
				CLANG_WARN_BLOCK_CAPTURE_AUTORELEASING = YES;
				CLANG_WARN_BOOL_CONVERSION = YES;
				CLANG_WARN_COMMA = YES;
				CLANG_WARN_CONSTANT_CONVERSION = YES;
				CLANG_WARN_DEPRECATED_OBJC_IMPLEMENTATIONS = YES;
				CLANG_WARN_DIRECT_OBJC_ISA_USAGE = YES_ERROR;
				CLANG_WARN_DOCUMENTATION_COMMENTS = YES;
				CLANG_WARN_EMPTY_BODY = YES;
				CLANG_WARN_ENUM_CONVERSION = YES;
				CLANG_WARN_INFINITE_RECURSION = YES;
				CLANG_WARN_INT_CONVERSION = YES;
				CLANG_WARN_NON_LITERAL_NULL_CONVERSION = YES;
				CLANG_WARN_OBJC_IMPLICIT_RETAIN_SELF = YES;
				CLANG_WARN_OBJC_LITERAL_CONVERSION = YES;
				CLANG_WARN_OBJC_ROOT_CLASS = YES_ERROR;
				CLANG_WARN_QUOTED_INCLUDE_IN_FRAMEWORK_HEADER = YES;
				CLANG_WARN_RANGE_LOOP_ANALYSIS = YES;
				CLANG_WARN_STRICT_PROTOTYPES = YES;
				CLANG_WARN_SUSPICIOUS_MOVE = YES;
				CLANG_WARN_UNGUARDED_AVAILABILITY = YES_AGGRESSIVE;
				CLANG_WARN_UNREACHABLE_CODE = YES;
				CLANG_WARN__DUPLICATE_METHOD_MATCH = YES;
				COPY_PHASE_STRIP = NO;
				DEBUG_INFORMATION_FORMAT = "dwarf-with-dsym";
				ENABLE_NS_ASSERTIONS = NO;
				ENABLE_STRICT_OBJC_MSGSEND = YES;
				ENABLE_USER_SCRIPT_SANDBOXING = YES;
				GCC_C_LANGUAGE_STANDARD = gnu17;
				GCC_NO_COMMON_BLOCKS = YES;
				GCC_WARN_64_TO_32_BIT_CONVERSION = YES;
				GCC_WARN_ABOUT_RETURN_TYPE = YES_ERROR;
				GCC_WARN_UNDECLARED_SELECTOR = YES;
				GCC_WARN_UNINITIALIZED_AUTOS = YES_AGGRESSIVE;
				GCC_WARN_UNUSED_FUNCTION = YES;
				GCC_WARN_UNUSED_VARIABLE = YES;
				IPHONEOS_DEPLOYMENT_TARGET = 13.0;
				LOCALIZATION_PREFERS_STRING_CATALOGS = YES;
				MTL_ENABLE_DEBUG_INFO = NO;
				MTL_FAST_MATH = YES;
				SDKROOT = iphoneos;
				SWIFT_COMPILATION_MODE = wholemodule;
				SWIFT_VERSION = 5.0;
				VALIDATE_PRODUCT = YES;
			};
			name = Release;
		};
		C14538992B9122E3003535E5 /* Debug */ = {
			isa = XCBuildConfiguration;
			buildSettings = {
				ASSETCATALOG_COMPILER_APPICON_NAME = AppIcon;
				ASSETCATALOG_COMPILER_GLOBAL_ACCENT_COLOR_NAME = AccentColor;
				CODE_SIGN_STYLE = Automatic;
				CURRENT_PROJECT_VERSION = 1;
				DEVELOPMENT_TEAM = BR2776X88Q;
				GENERATE_INFOPLIST_FILE = YES;
				INFOPLIST_FILE = ImageFeed/Info.plist;
				INFOPLIST_KEY_UIApplicationSupportsIndirectInputEvents = YES;
				INFOPLIST_KEY_UILaunchStoryboardName = LaunchScreen;
				INFOPLIST_KEY_UIMainStoryboardFile = Main;
				INFOPLIST_KEY_UIStatusBarStyle = "";
				INFOPLIST_KEY_UISupportedInterfaceOrientations = UIInterfaceOrientationPortrait;
				IPHONEOS_DEPLOYMENT_TARGET = 13.0;
				LD_RUNPATH_SEARCH_PATHS = (
					"$(inherited)",
					"@executable_path/Frameworks",
				);
				MARKETING_VERSION = 1.0;
				PRODUCT_BUNDLE_IDENTIFIER = ru.KatSchreiner.ImageFeed;
				PRODUCT_NAME = "$(TARGET_NAME)";
				SUPPORTED_PLATFORMS = "iphoneos iphonesimulator";
				SUPPORTS_MACCATALYST = NO;
				SWIFT_EMIT_LOC_STRINGS = YES;
				SWIFT_VERSION = 5.0;
				TARGETED_DEVICE_FAMILY = 1;
			};
			name = Debug;
		};
		C145389A2B9122E3003535E5 /* Release */ = {
			isa = XCBuildConfiguration;
			buildSettings = {
				ASSETCATALOG_COMPILER_APPICON_NAME = AppIcon;
				ASSETCATALOG_COMPILER_GLOBAL_ACCENT_COLOR_NAME = AccentColor;
				CODE_SIGN_STYLE = Automatic;
				CURRENT_PROJECT_VERSION = 1;
				DEVELOPMENT_TEAM = BR2776X88Q;
				GENERATE_INFOPLIST_FILE = YES;
				INFOPLIST_FILE = ImageFeed/Info.plist;
				INFOPLIST_KEY_UIApplicationSupportsIndirectInputEvents = YES;
				INFOPLIST_KEY_UILaunchStoryboardName = LaunchScreen;
				INFOPLIST_KEY_UIMainStoryboardFile = Main;
				INFOPLIST_KEY_UIStatusBarStyle = "";
				INFOPLIST_KEY_UISupportedInterfaceOrientations = UIInterfaceOrientationPortrait;
				IPHONEOS_DEPLOYMENT_TARGET = 13.0;
				LD_RUNPATH_SEARCH_PATHS = (
					"$(inherited)",
					"@executable_path/Frameworks",
				);
				MARKETING_VERSION = 1.0;
				PRODUCT_BUNDLE_IDENTIFIER = ru.KatSchreiner.ImageFeed;
				PRODUCT_NAME = "$(TARGET_NAME)";
				SUPPORTED_PLATFORMS = "iphoneos iphonesimulator";
				SUPPORTS_MACCATALYST = NO;
				SWIFT_EMIT_LOC_STRINGS = YES;
				SWIFT_VERSION = 5.0;
				TARGETED_DEVICE_FAMILY = 1;
			};
			name = Release;
		};
		C1B10C632C077E7500D3681E /* Debug */ = {
			isa = XCBuildConfiguration;
			buildSettings = {
				CODE_SIGN_STYLE = Automatic;
				CURRENT_PROJECT_VERSION = 1;
				DEVELOPMENT_TEAM = BR2776X88Q;
				GENERATE_INFOPLIST_FILE = YES;
				IPHONEOS_DEPLOYMENT_TARGET = 17.5;
				MARKETING_VERSION = 1.0;
				PRODUCT_BUNDLE_IDENTIFIER = ru.KatSchreiner.ImageFeedUITests;
				PRODUCT_NAME = "$(TARGET_NAME)";
				SWIFT_EMIT_LOC_STRINGS = NO;
				SWIFT_VERSION = 5.0;
				TARGETED_DEVICE_FAMILY = "1,2";
				TEST_TARGET_NAME = ImageFeed;
			};
			name = Debug;
		};
		C1B10C642C077E7500D3681E /* Release */ = {
			isa = XCBuildConfiguration;
			buildSettings = {
				CODE_SIGN_STYLE = Automatic;
				CURRENT_PROJECT_VERSION = 1;
				DEVELOPMENT_TEAM = BR2776X88Q;
				GENERATE_INFOPLIST_FILE = YES;
				IPHONEOS_DEPLOYMENT_TARGET = 17.5;
				MARKETING_VERSION = 1.0;
				PRODUCT_BUNDLE_IDENTIFIER = ru.KatSchreiner.ImageFeedUITests;
				PRODUCT_NAME = "$(TARGET_NAME)";
				SWIFT_EMIT_LOC_STRINGS = NO;
				SWIFT_VERSION = 5.0;
				TARGETED_DEVICE_FAMILY = "1,2";
				TEST_TARGET_NAME = ImageFeed;
			};
			name = Release;
		};
		C1E7E0522C053492008FBC6D /* Debug */ = {
			isa = XCBuildConfiguration;
			buildSettings = {
				BUNDLE_LOADER = "$(TEST_HOST)";
				CODE_SIGN_STYLE = Automatic;
				CURRENT_PROJECT_VERSION = 1;
				DEVELOPMENT_TEAM = BR2776X88Q;
				GENERATE_INFOPLIST_FILE = YES;
				IPHONEOS_DEPLOYMENT_TARGET = 17.5;
				MARKETING_VERSION = 1.0;
				PRODUCT_BUNDLE_IDENTIFIER = ru.KatSchreiner.ImageFeedTests;
				PRODUCT_NAME = "$(TARGET_NAME)";
				SWIFT_EMIT_LOC_STRINGS = NO;
				SWIFT_VERSION = 5.0;
				TARGETED_DEVICE_FAMILY = "1,2";
				TEST_HOST = "$(BUILT_PRODUCTS_DIR)/ImageFeed.app/$(BUNDLE_EXECUTABLE_FOLDER_PATH)/ImageFeed";
			};
			name = Debug;
		};
		C1E7E0532C053492008FBC6D /* Release */ = {
			isa = XCBuildConfiguration;
			buildSettings = {
				BUNDLE_LOADER = "$(TEST_HOST)";
				CODE_SIGN_STYLE = Automatic;
				CURRENT_PROJECT_VERSION = 1;
				DEVELOPMENT_TEAM = BR2776X88Q;
				GENERATE_INFOPLIST_FILE = YES;
				IPHONEOS_DEPLOYMENT_TARGET = 17.5;
				MARKETING_VERSION = 1.0;
				PRODUCT_BUNDLE_IDENTIFIER = ru.KatSchreiner.ImageFeedTests;
				PRODUCT_NAME = "$(TARGET_NAME)";
				SWIFT_EMIT_LOC_STRINGS = NO;
				SWIFT_VERSION = 5.0;
				TARGETED_DEVICE_FAMILY = "1,2";
				TEST_HOST = "$(BUILT_PRODUCTS_DIR)/ImageFeed.app/$(BUNDLE_EXECUTABLE_FOLDER_PATH)/ImageFeed";
			};
			name = Release;
		};
/* End XCBuildConfiguration section */

/* Begin XCConfigurationList section */
		C145387F2B9122E1003535E5 /* Build configuration list for PBXProject "ImageFeed" */ = {
			isa = XCConfigurationList;
			buildConfigurations = (
				C14538962B9122E3003535E5 /* Debug */,
				C14538972B9122E3003535E5 /* Release */,
			);
			defaultConfigurationIsVisible = 0;
			defaultConfigurationName = Release;
		};
		C14538982B9122E3003535E5 /* Build configuration list for PBXNativeTarget "ImageFeed" */ = {
			isa = XCConfigurationList;
			buildConfigurations = (
				C14538992B9122E3003535E5 /* Debug */,
				C145389A2B9122E3003535E5 /* Release */,
			);
			defaultConfigurationIsVisible = 0;
			defaultConfigurationName = Release;
		};
		C1B10C622C077E7500D3681E /* Build configuration list for PBXNativeTarget "ImageFeedUITests" */ = {
			isa = XCConfigurationList;
			buildConfigurations = (
				C1B10C632C077E7500D3681E /* Debug */,
				C1B10C642C077E7500D3681E /* Release */,
			);
			defaultConfigurationIsVisible = 0;
			defaultConfigurationName = Release;
		};
		C1E7E0512C053492008FBC6D /* Build configuration list for PBXNativeTarget "ImageFeedTests" */ = {
			isa = XCConfigurationList;
			buildConfigurations = (
				C1E7E0522C053492008FBC6D /* Debug */,
				C1E7E0532C053492008FBC6D /* Release */,
			);
			defaultConfigurationIsVisible = 0;
			defaultConfigurationName = Release;
		};
/* End XCConfigurationList section */

/* Begin XCRemoteSwiftPackageReference section */
		C15A09252BE6BD2800E88000 /* XCRemoteSwiftPackageReference "ProgressHUD" */ = {
			isa = XCRemoteSwiftPackageReference;
			repositoryURL = "https://github.com/relatedcode/ProgressHUD";
			requirement = {
				kind = upToNextMajorVersion;
				minimumVersion = 13.6.1;
			};
		};
		C15A09282BE6BD4600E88000 /* XCRemoteSwiftPackageReference "SwiftKeychainWrapper" */ = {
			isa = XCRemoteSwiftPackageReference;
			repositoryURL = "https://github.com/jrendel/SwiftKeychainWrapper";
			requirement = {
				kind = upToNextMajorVersion;
				minimumVersion = 4.0.1;
			};
		};
		C15A092B2BE6BD5400E88000 /* XCRemoteSwiftPackageReference "Kingfisher" */ = {
			isa = XCRemoteSwiftPackageReference;
			repositoryURL = "https://github.com/onevcat/Kingfisher";
			requirement = {
				kind = upToNextMajorVersion;
				minimumVersion = 7.11.0;
			};
		};
/* End XCRemoteSwiftPackageReference section */

/* Begin XCSwiftPackageProductDependency section */
		C15A09262BE6BD2800E88000 /* ProgressHUD */ = {
			isa = XCSwiftPackageProductDependency;
			package = C15A09252BE6BD2800E88000 /* XCRemoteSwiftPackageReference "ProgressHUD" */;
			productName = ProgressHUD;
		};
		C15A09292BE6BD4600E88000 /* SwiftKeychainWrapper */ = {
			isa = XCSwiftPackageProductDependency;
			package = C15A09282BE6BD4600E88000 /* XCRemoteSwiftPackageReference "SwiftKeychainWrapper" */;
			productName = SwiftKeychainWrapper;
		};
		C15A092C2BE6BD5400E88000 /* Kingfisher */ = {
			isa = XCSwiftPackageProductDependency;
			package = C15A092B2BE6BD5400E88000 /* XCRemoteSwiftPackageReference "Kingfisher" */;
			productName = Kingfisher;
		};
/* End XCSwiftPackageProductDependency section */
	};
	rootObject = C145387C2B9122E1003535E5 /* Project object */;
}
