// !$*UTF8*$!
{
	archiveVersion = 1;
	classes = {
	};
	objectVersion = 56;
	objects = {

/* Begin PBXBuildFile section */
		C136CA8E2BD4F52200E43028 /* ProgressHUD in Frameworks */ = {isa = PBXBuildFile; productRef = C136CA8D2BD4F52200E43028 /* ProgressHUD */; };
		C136CA902BD64CD100E43028 /* UIBlockingProgressHUD.swift in Sources */ = {isa = PBXBuildFile; fileRef = C136CA8F2BD64CD100E43028 /* UIBlockingProgressHUD.swift */; };
		C136CA922BD6600300E43028 /* ProfileService.swift in Sources */ = {isa = PBXBuildFile; fileRef = C136CA912BD6600300E43028 /* ProfileService.swift */; };
		C136CA942BD662CC00E43028 /* ProfileResult.swift in Sources */ = {isa = PBXBuildFile; fileRef = C136CA932BD662CC00E43028 /* ProfileResult.swift */; };
		C136CA962BD6635400E43028 /* Profile.swift in Sources */ = {isa = PBXBuildFile; fileRef = C136CA952BD6635400E43028 /* Profile.swift */; };
		C136CA982BD832F000E43028 /* ProfileImageService.swift in Sources */ = {isa = PBXBuildFile; fileRef = C136CA972BD832F000E43028 /* ProfileImageService.swift */; };
		C136CA9A2BD8333200E43028 /* UserResult.swift in Sources */ = {isa = PBXBuildFile; fileRef = C136CA992BD8333200E43028 /* UserResult.swift */; };
		C136CA9C2BDABB3100E43028 /* AlertPresenter.swift in Sources */ = {isa = PBXBuildFile; fileRef = C136CA9B2BDABB3100E43028 /* AlertPresenter.swift */; };
		C136CAA12BDAC9BE00E43028 /* Kingfisher in Frameworks */ = {isa = PBXBuildFile; productRef = C136CAA02BDAC9BE00E43028 /* Kingfisher */; };
		C136CAA42BDB9DAE00E43028 /* SwiftKeychainWrapper in Frameworks */ = {isa = PBXBuildFile; productRef = C136CAA32BDB9DAE00E43028 /* SwiftKeychainWrapper */; };
		C136CAA62BDBA3D800E43028 /* TabBarController.swift in Sources */ = {isa = PBXBuildFile; fileRef = C136CAA52BDBA3D800E43028 /* TabBarController.swift */; };
		C14538882B9122E1003535E5 /* AppDelegate.swift in Sources */ = {isa = PBXBuildFile; fileRef = C14538872B9122E1003535E5 /* AppDelegate.swift */; };
		C145388A2B9122E1003535E5 /* SceneDelegate.swift in Sources */ = {isa = PBXBuildFile; fileRef = C14538892B9122E1003535E5 /* SceneDelegate.swift */; };
		C145388C2B9122E1003535E5 /* ImagesListViewController.swift in Sources */ = {isa = PBXBuildFile; fileRef = C145388B2B9122E1003535E5 /* ImagesListViewController.swift */; };
		C145388F2B9122E1003535E5 /* Main.storyboard in Resources */ = {isa = PBXBuildFile; fileRef = C145388D2B9122E1003535E5 /* Main.storyboard */; };
		C14538912B9122E3003535E5 /* Assets.xcassets in Resources */ = {isa = PBXBuildFile; fileRef = C14538902B9122E3003535E5 /* Assets.xcassets */; };
		C14538942B9122E3003535E5 /* LaunchScreen.storyboard in Resources */ = {isa = PBXBuildFile; fileRef = C14538922B9122E3003535E5 /* LaunchScreen.storyboard */; };
		C14538E72B93C1B7003535E5 /* ImagesListCell.swift in Sources */ = {isa = PBXBuildFile; fileRef = C14538E62B93C1B7003535E5 /* ImagesListCell.swift */; };
		C17BDBBA2B97AF7C00565288 /* UIView+Extensions.swift in Sources */ = {isa = PBXBuildFile; fileRef = C17BDBB92B97AF7C00565288 /* UIView+Extensions.swift */; };
		C1936A2F2BA460F00023875A /* SF-Pro-Display-Bold.otf in Resources */ = {isa = PBXBuildFile; fileRef = C1936A002BA460EA0023875A /* SF-Pro-Display-Bold.otf */; };
		C1936A302BA460F00023875A /* SF-Pro.ttf in Resources */ = {isa = PBXBuildFile; fileRef = C1936A012BA460EA0023875A /* SF-Pro.ttf */; };
		C1936A3A2BA460F00023875A /* SF-Pro-Display-Regular.otf in Resources */ = {isa = PBXBuildFile; fileRef = C1936A0B2BA460EC0023875A /* SF-Pro-Display-Regular.otf */; };
		C1936A452BA466330023875A /* ProfileViewController.swift in Sources */ = {isa = PBXBuildFile; fileRef = C1936A442BA466330023875A /* ProfileViewController.swift */; };
		C1936A472BA630300023875A /* SingleImageViewController.swift in Sources */ = {isa = PBXBuildFile; fileRef = C1936A462BA630300023875A /* SingleImageViewController.swift */; };
		C1B5A7972BC1FF2400DDE2F9 /* OAuth2Service.swift in Sources */ = {isa = PBXBuildFile; fileRef = C1B5A7962BC1FF2400DDE2F9 /* OAuth2Service.swift */; };
		C1B5A7992BC21D8800DDE2F9 /* OAuthTokenResponseBody.swift in Sources */ = {isa = PBXBuildFile; fileRef = C1B5A7982BC21D8800DDE2F9 /* OAuthTokenResponseBody.swift */; };
		C1B5A79B2BC3426200DDE2F9 /* OAuth2TokenStorage.swift in Sources */ = {isa = PBXBuildFile; fileRef = C1B5A79A2BC3426200DDE2F9 /* OAuth2TokenStorage.swift */; };
		C1F387172BC3515600315568 /* SplashViewController.swift in Sources */ = {isa = PBXBuildFile; fileRef = C1F387162BC3515600315568 /* SplashViewController.swift */; };
		C1FF941C2BB76836001C8F2D /* Constants.swift in Sources */ = {isa = PBXBuildFile; fileRef = C1FF941B2BB76836001C8F2D /* Constants.swift */; };
		C1FF94222BB9F91A001C8F2D /* AuthViewController.swift in Sources */ = {isa = PBXBuildFile; fileRef = C1FF94212BB9F91A001C8F2D /* AuthViewController.swift */; };
		C1FF94242BB9FA66001C8F2D /* WebViewViewController.swift in Sources */ = {isa = PBXBuildFile; fileRef = C1FF94232BB9FA66001C8F2D /* WebViewViewController.swift */; };
		C1FF94272BBA0B9A001C8F2D /* WebViewViewControllerDelegate.swift in Sources */ = {isa = PBXBuildFile; fileRef = C1FF94262BBA0B9A001C8F2D /* WebViewViewControllerDelegate.swift */; };
		C1FF942D2BBDF34E001C8F2D /* URLSession+data.swift in Sources */ = {isa = PBXBuildFile; fileRef = C1FF942C2BBDF34E001C8F2D /* URLSession+data.swift */; };
/* End PBXBuildFile section */

/* Begin PBXFileReference section */
		C136CA8F2BD64CD100E43028 /* UIBlockingProgressHUD.swift */ = {isa = PBXFileReference; lastKnownFileType = sourcecode.swift; path = UIBlockingProgressHUD.swift; sourceTree = "<group>"; };
		C136CA912BD6600300E43028 /* ProfileService.swift */ = {isa = PBXFileReference; lastKnownFileType = sourcecode.swift; path = ProfileService.swift; sourceTree = "<group>"; };
		C136CA932BD662CC00E43028 /* ProfileResult.swift */ = {isa = PBXFileReference; lastKnownFileType = sourcecode.swift; path = ProfileResult.swift; sourceTree = "<group>"; };
		C136CA952BD6635400E43028 /* Profile.swift */ = {isa = PBXFileReference; lastKnownFileType = sourcecode.swift; path = Profile.swift; sourceTree = "<group>"; };
		C136CA972BD832F000E43028 /* ProfileImageService.swift */ = {isa = PBXFileReference; lastKnownFileType = sourcecode.swift; path = ProfileImageService.swift; sourceTree = "<group>"; };
		C136CA992BD8333200E43028 /* UserResult.swift */ = {isa = PBXFileReference; lastKnownFileType = sourcecode.swift; path = UserResult.swift; sourceTree = "<group>"; };
		C136CA9B2BDABB3100E43028 /* AlertPresenter.swift */ = {isa = PBXFileReference; lastKnownFileType = sourcecode.swift; path = AlertPresenter.swift; sourceTree = "<group>"; };
		C136CAA52BDBA3D800E43028 /* TabBarController.swift */ = {isa = PBXFileReference; lastKnownFileType = sourcecode.swift; path = TabBarController.swift; sourceTree = "<group>"; };
		C14538842B9122E1003535E5 /* ImageFeed.app */ = {isa = PBXFileReference; explicitFileType = wrapper.application; includeInIndex = 0; path = ImageFeed.app; sourceTree = BUILT_PRODUCTS_DIR; };
		C14538872B9122E1003535E5 /* AppDelegate.swift */ = {isa = PBXFileReference; lastKnownFileType = sourcecode.swift; path = AppDelegate.swift; sourceTree = "<group>"; };
		C14538892B9122E1003535E5 /* SceneDelegate.swift */ = {isa = PBXFileReference; lastKnownFileType = sourcecode.swift; path = SceneDelegate.swift; sourceTree = "<group>"; };
		C145388B2B9122E1003535E5 /* ImagesListViewController.swift */ = {isa = PBXFileReference; lastKnownFileType = sourcecode.swift; path = ImagesListViewController.swift; sourceTree = "<group>"; };
		C145388E2B9122E1003535E5 /* Base */ = {isa = PBXFileReference; lastKnownFileType = file.storyboard; name = Base; path = Base.lproj/Main.storyboard; sourceTree = "<group>"; };
		C14538902B9122E3003535E5 /* Assets.xcassets */ = {isa = PBXFileReference; lastKnownFileType = folder.assetcatalog; path = Assets.xcassets; sourceTree = "<group>"; };
		C14538932B9122E3003535E5 /* Base */ = {isa = PBXFileReference; lastKnownFileType = file.storyboard; name = Base; path = Base.lproj/LaunchScreen.storyboard; sourceTree = "<group>"; };
		C14538952B9122E3003535E5 /* Info.plist */ = {isa = PBXFileReference; lastKnownFileType = text.plist.xml; path = Info.plist; sourceTree = "<group>"; };
		C14538E62B93C1B7003535E5 /* ImagesListCell.swift */ = {isa = PBXFileReference; lastKnownFileType = sourcecode.swift; path = ImagesListCell.swift; sourceTree = "<group>"; };
		C17BDBB92B97AF7C00565288 /* UIView+Extensions.swift */ = {isa = PBXFileReference; lastKnownFileType = sourcecode.swift; path = "UIView+Extensions.swift"; sourceTree = "<group>"; };
		C1936A002BA460EA0023875A /* SF-Pro-Display-Bold.otf */ = {isa = PBXFileReference; lastKnownFileType = file; path = "SF-Pro-Display-Bold.otf"; sourceTree = "<group>"; };
		C1936A012BA460EA0023875A /* SF-Pro.ttf */ = {isa = PBXFileReference; lastKnownFileType = file; path = "SF-Pro.ttf"; sourceTree = "<group>"; };
		C1936A0B2BA460EC0023875A /* SF-Pro-Display-Regular.otf */ = {isa = PBXFileReference; lastKnownFileType = file; path = "SF-Pro-Display-Regular.otf"; sourceTree = "<group>"; };
		C1936A442BA466330023875A /* ProfileViewController.swift */ = {isa = PBXFileReference; lastKnownFileType = sourcecode.swift; path = ProfileViewController.swift; sourceTree = "<group>"; };
		C1936A462BA630300023875A /* SingleImageViewController.swift */ = {isa = PBXFileReference; lastKnownFileType = sourcecode.swift; path = SingleImageViewController.swift; sourceTree = "<group>"; };
		C1B5A7962BC1FF2400DDE2F9 /* OAuth2Service.swift */ = {isa = PBXFileReference; lastKnownFileType = sourcecode.swift; path = OAuth2Service.swift; sourceTree = "<group>"; };
		C1B5A7982BC21D8800DDE2F9 /* OAuthTokenResponseBody.swift */ = {isa = PBXFileReference; lastKnownFileType = sourcecode.swift; path = OAuthTokenResponseBody.swift; sourceTree = "<group>"; };
		C1B5A79A2BC3426200DDE2F9 /* OAuth2TokenStorage.swift */ = {isa = PBXFileReference; lastKnownFileType = sourcecode.swift; path = OAuth2TokenStorage.swift; sourceTree = "<group>"; };
		C1F387162BC3515600315568 /* SplashViewController.swift */ = {isa = PBXFileReference; lastKnownFileType = sourcecode.swift; path = SplashViewController.swift; sourceTree = "<group>"; };
		C1FF941B2BB76836001C8F2D /* Constants.swift */ = {isa = PBXFileReference; lastKnownFileType = sourcecode.swift; path = Constants.swift; sourceTree = "<group>"; };
		C1FF94212BB9F91A001C8F2D /* AuthViewController.swift */ = {isa = PBXFileReference; lastKnownFileType = sourcecode.swift; path = AuthViewController.swift; sourceTree = "<group>"; };
		C1FF94232BB9FA66001C8F2D /* WebViewViewController.swift */ = {isa = PBXFileReference; lastKnownFileType = sourcecode.swift; path = WebViewViewController.swift; sourceTree = "<group>"; };
		C1FF94262BBA0B9A001C8F2D /* WebViewViewControllerDelegate.swift */ = {isa = PBXFileReference; lastKnownFileType = sourcecode.swift; path = WebViewViewControllerDelegate.swift; sourceTree = "<group>"; };
		C1FF942C2BBDF34E001C8F2D /* URLSession+data.swift */ = {isa = PBXFileReference; lastKnownFileType = sourcecode.swift; path = "URLSession+data.swift"; sourceTree = "<group>"; };
/* End PBXFileReference section */

/* Begin PBXFrameworksBuildPhase section */
		C14538812B9122E1003535E5 /* Frameworks */ = {
			isa = PBXFrameworksBuildPhase;
			buildActionMask = 2147483647;
			files = (
				C136CAA12BDAC9BE00E43028 /* Kingfisher in Frameworks */,
				C136CA8E2BD4F52200E43028 /* ProgressHUD in Frameworks */,
				C136CAA42BDB9DAE00E43028 /* SwiftKeychainWrapper in Frameworks */,
			);
			runOnlyForDeploymentPostprocessing = 0;
		};
/* End PBXFrameworksBuildPhase section */

/* Begin PBXGroup section */
		C145387B2B9122E1003535E5 = {
			isa = PBXGroup;
			children = (
				C14538862B9122E1003535E5 /* ImageFeed */,
				C14538852B9122E1003535E5 /* Products */,
			);
			sourceTree = "<group>";
		};
		C14538852B9122E1003535E5 /* Products */ = {
			isa = PBXGroup;
			children = (
				C14538842B9122E1003535E5 /* ImageFeed.app */,
			);
			name = Products;
			sourceTree = "<group>";
		};
		C14538862B9122E1003535E5 /* ImageFeed */ = {
			isa = PBXGroup;
			children = (
				C1F387152BC3514200315568 /* SplashViewController */,
				C1FF94202BB9F905001C8F2D /* Auth */,
				C1FF94252BBA0B86001C8F2D /* Services */,
				C1936A482BA633460023875A /* SingleImageView */,
				C1CA1A812BA33F6100C77734 /* Profile */,
				C14538E82B93C1E8003535E5 /* ImagesList */,
				C145388D2B9122E1003535E5 /* Main.storyboard */,
				C17BDBB82B97AF4F00565288 /* Extensions */,
				C19369E42BA45ED30023875A /* Resources */,
				C14538892B9122E1003535E5 /* SceneDelegate.swift */,
				C14538872B9122E1003535E5 /* AppDelegate.swift */,
				C14538922B9122E3003535E5 /* LaunchScreen.storyboard */,
				C14538902B9122E3003535E5 /* Assets.xcassets */,
				C14538952B9122E3003535E5 /* Info.plist */,
				C136CAA52BDBA3D800E43028 /* TabBarController.swift */,
			);
			path = ImageFeed;
			sourceTree = "<group>";
		};
		C14538E82B93C1E8003535E5 /* ImagesList */ = {
			isa = PBXGroup;
			children = (
				C14538E62B93C1B7003535E5 /* ImagesListCell.swift */,
				C145388B2B9122E1003535E5 /* ImagesListViewController.swift */,
			);
			path = ImagesList;
			sourceTree = "<group>";
		};
		C17BDBB82B97AF4F00565288 /* Extensions */ = {
			isa = PBXGroup;
			children = (
				C1FF942C2BBDF34E001C8F2D /* URLSession+data.swift */,
				C17BDBB92B97AF7C00565288 /* UIView+Extensions.swift */,
			);
			path = Extensions;
			sourceTree = "<group>";
		};
		C19369E42BA45ED30023875A /* Resources */ = {
			isa = PBXGroup;
			children = (
				C1936A432BA4613C0023875A /* Fonts */,
			);
			path = Resources;
			sourceTree = "<group>";
		};
		C1936A432BA4613C0023875A /* Fonts */ = {
			isa = PBXGroup;
			children = (
				C1936A002BA460EA0023875A /* SF-Pro-Display-Bold.otf */,
				C1936A0B2BA460EC0023875A /* SF-Pro-Display-Regular.otf */,
				C1936A012BA460EA0023875A /* SF-Pro.ttf */,
			);
			path = Fonts;
			sourceTree = "<group>";
		};
		C1936A482BA633460023875A /* SingleImageView */ = {
			isa = PBXGroup;
			children = (
				C1936A462BA630300023875A /* SingleImageViewController.swift */,
			);
			path = SingleImageView;
			sourceTree = "<group>";
		};
		C1CA1A812BA33F6100C77734 /* Profile */ = {
			isa = PBXGroup;
			children = (
				C1936A442BA466330023875A /* ProfileViewController.swift */,
				C136CA912BD6600300E43028 /* ProfileService.swift */,
				C136CA932BD662CC00E43028 /* ProfileResult.swift */,
				C136CA952BD6635400E43028 /* Profile.swift */,
				C136CA972BD832F000E43028 /* ProfileImageService.swift */,
				C136CA992BD8333200E43028 /* UserResult.swift */,
			);
			path = Profile;
			sourceTree = "<group>";
		};
		C1F387152BC3514200315568 /* SplashViewController */ = {
			isa = PBXGroup;
			children = (
				C1F387162BC3515600315568 /* SplashViewController.swift */,
			);
			path = SplashViewController;
			sourceTree = "<group>";
		};
		C1FF94202BB9F905001C8F2D /* Auth */ = {
			isa = PBXGroup;
			children = (
				C1FF94212BB9F91A001C8F2D /* AuthViewController.swift */,
				C1FF94232BB9FA66001C8F2D /* WebViewViewController.swift */,
				C1B5A7962BC1FF2400DDE2F9 /* OAuth2Service.swift */,
				C1B5A7982BC21D8800DDE2F9 /* OAuthTokenResponseBody.swift */,
				C1B5A79A2BC3426200DDE2F9 /* OAuth2TokenStorage.swift */,
			);
			path = Auth;
			sourceTree = "<group>";
		};
		C1FF94252BBA0B86001C8F2D /* Services */ = {
			isa = PBXGroup;
			children = (
				C1FF94262BBA0B9A001C8F2D /* WebViewViewControllerDelegate.swift */,
				C1FF941B2BB76836001C8F2D /* Constants.swift */,
				C136CA8F2BD64CD100E43028 /* UIBlockingProgressHUD.swift */,
				C136CA9B2BDABB3100E43028 /* AlertPresenter.swift */,
			);
			path = Services;
			sourceTree = "<group>";
		};
/* End PBXGroup section */

/* Begin PBXNativeTarget section */
		C14538832B9122E1003535E5 /* ImageFeed */ = {
			isa = PBXNativeTarget;
			buildConfigurationList = C14538982B9122E3003535E5 /* Build configuration list for PBXNativeTarget "ImageFeed" */;
			buildPhases = (
				C14538802B9122E1003535E5 /* Sources */,
				C14538812B9122E1003535E5 /* Frameworks */,
				C14538822B9122E1003535E5 /* Resources */,
			);
			buildRules = (
			);
			dependencies = (
			);
			name = ImageFeed;
			packageProductDependencies = (
				C136CA8D2BD4F52200E43028 /* ProgressHUD */,
				C136CAA02BDAC9BE00E43028 /* Kingfisher */,
				C136CAA32BDB9DAE00E43028 /* SwiftKeychainWrapper */,
			);
			productName = ImageFeed;
			productReference = C14538842B9122E1003535E5 /* ImageFeed.app */;
			productType = "com.apple.product-type.application";
		};
/* End PBXNativeTarget section */

/* Begin PBXProject section */
		C145387C2B9122E1003535E5 /* Project object */ = {
			isa = PBXProject;
			attributes = {
				BuildIndependentTargetsInParallel = 1;
				LastSwiftUpdateCheck = 1520;
				LastUpgradeCheck = 1520;
				TargetAttributes = {
					C14538832B9122E1003535E5 = {
						CreatedOnToolsVersion = 15.2;
					};
				};
			};
			buildConfigurationList = C145387F2B9122E1003535E5 /* Build configuration list for PBXProject "ImageFeed" */;
			compatibilityVersion = "Xcode 14.0";
			developmentRegion = en;
			hasScannedForEncodings = 0;
			knownRegions = (
				en,
				Base,
			);
			mainGroup = C145387B2B9122E1003535E5;
			packageReferences = (
				C136CA8C2BD4F52200E43028 /* XCRemoteSwiftPackageReference "ProgressHUD" */,
				C136CA9F2BDAC9BE00E43028 /* XCRemoteSwiftPackageReference "Kingfisher" */,
				C136CAA22BDB9DAD00E43028 /* XCRemoteSwiftPackageReference "SwiftKeychainWrapper" */,
			);
			productRefGroup = C14538852B9122E1003535E5 /* Products */;
			projectDirPath = "";
			projectRoot = "";
			targets = (
				C14538832B9122E1003535E5 /* ImageFeed */,
			);
		};
/* End PBXProject section */

/* Begin PBXResourcesBuildPhase section */
		C14538822B9122E1003535E5 /* Resources */ = {
			isa = PBXResourcesBuildPhase;
			buildActionMask = 2147483647;
			files = (
				C14538942B9122E3003535E5 /* LaunchScreen.storyboard in Resources */,
				C1936A2F2BA460F00023875A /* SF-Pro-Display-Bold.otf in Resources */,
				C14538912B9122E3003535E5 /* Assets.xcassets in Resources */,
				C145388F2B9122E1003535E5 /* Main.storyboard in Resources */,
				C1936A302BA460F00023875A /* SF-Pro.ttf in Resources */,
				C1936A3A2BA460F00023875A /* SF-Pro-Display-Regular.otf in Resources */,
			);
			runOnlyForDeploymentPostprocessing = 0;
		};
/* End PBXResourcesBuildPhase section */

/* Begin PBXSourcesBuildPhase section */
		C14538802B9122E1003535E5 /* Sources */ = {
			isa = PBXSourcesBuildPhase;
			buildActionMask = 2147483647;
			files = (
				C1FF942D2BBDF34E001C8F2D /* URLSession+data.swift in Sources */,
				C136CA962BD6635400E43028 /* Profile.swift in Sources */,
				C1FF94242BB9FA66001C8F2D /* WebViewViewController.swift in Sources */,
				C136CA942BD662CC00E43028 /* ProfileResult.swift in Sources */,
				C1B5A7972BC1FF2400DDE2F9 /* OAuth2Service.swift in Sources */,
				C1936A452BA466330023875A /* ProfileViewController.swift in Sources */,
				C145388C2B9122E1003535E5 /* ImagesListViewController.swift in Sources */,
				C14538E72B93C1B7003535E5 /* ImagesListCell.swift in Sources */,
				C1936A472BA630300023875A /* SingleImageViewController.swift in Sources */,
				C136CAA62BDBA3D800E43028 /* TabBarController.swift in Sources */,
				C17BDBBA2B97AF7C00565288 /* UIView+Extensions.swift in Sources */,
				C14538882B9122E1003535E5 /* AppDelegate.swift in Sources */,
				C136CA9A2BD8333200E43028 /* UserResult.swift in Sources */,
				C1FF94272BBA0B9A001C8F2D /* WebViewViewControllerDelegate.swift in Sources */,
				C1B5A7992BC21D8800DDE2F9 /* OAuthTokenResponseBody.swift in Sources */,
				C136CA922BD6600300E43028 /* ProfileService.swift in Sources */,
				C136CA9C2BDABB3100E43028 /* AlertPresenter.swift in Sources */,
				C145388A2B9122E1003535E5 /* SceneDelegate.swift in Sources */,
				C136CA982BD832F000E43028 /* ProfileImageService.swift in Sources */,
				C1B5A79B2BC3426200DDE2F9 /* OAuth2TokenStorage.swift in Sources */,
				C1FF94222BB9F91A001C8F2D /* AuthViewController.swift in Sources */,
				C1FF941C2BB76836001C8F2D /* Constants.swift in Sources */,
				C1F387172BC3515600315568 /* SplashViewController.swift in Sources */,
				C136CA902BD64CD100E43028 /* UIBlockingProgressHUD.swift in Sources */,
			);
			runOnlyForDeploymentPostprocessing = 0;
		};
/* End PBXSourcesBuildPhase section */

/* Begin PBXVariantGroup section */
		C145388D2B9122E1003535E5 /* Main.storyboard */ = {
			isa = PBXVariantGroup;
			children = (
				C145388E2B9122E1003535E5 /* Base */,
			);
			name = Main.storyboard;
			sourceTree = "<group>";
		};
		C14538922B9122E3003535E5 /* LaunchScreen.storyboard */ = {
			isa = PBXVariantGroup;
			children = (
				C14538932B9122E3003535E5 /* Base */,
			);
			name = LaunchScreen.storyboard;
			sourceTree = "<group>";
		};
/* End PBXVariantGroup section */

/* Begin XCBuildConfiguration section */
		C14538962B9122E3003535E5 /* Debug */ = {
			isa = XCBuildConfiguration;
			buildSettings = {
				ALWAYS_SEARCH_USER_PATHS = NO;
				ASSETCATALOG_COMPILER_GENERATE_SWIFT_ASSET_SYMBOL_EXTENSIONS = YES;
				CLANG_ANALYZER_NONNULL = YES;
				CLANG_ANALYZER_NUMBER_OBJECT_CONVERSION = YES_AGGRESSIVE;
				CLANG_CXX_LANGUAGE_STANDARD = "gnu++20";
				CLANG_ENABLE_MODULES = YES;
				CLANG_ENABLE_OBJC_ARC = YES;
				CLANG_ENABLE_OBJC_WEAK = YES;
				CLANG_WARN_BLOCK_CAPTURE_AUTORELEASING = YES;
				CLANG_WARN_BOOL_CONVERSION = YES;
				CLANG_WARN_COMMA = YES;
				CLANG_WARN_CONSTANT_CONVERSION = YES;
				CLANG_WARN_DEPRECATED_OBJC_IMPLEMENTATIONS = YES;
				CLANG_WARN_DIRECT_OBJC_ISA_USAGE = YES_ERROR;
				CLANG_WARN_DOCUMENTATION_COMMENTS = YES;
				CLANG_WARN_EMPTY_BODY = YES;
				CLANG_WARN_ENUM_CONVERSION = YES;
				CLANG_WARN_INFINITE_RECURSION = YES;
				CLANG_WARN_INT_CONVERSION = YES;
				CLANG_WARN_NON_LITERAL_NULL_CONVERSION = YES;
				CLANG_WARN_OBJC_IMPLICIT_RETAIN_SELF = YES;
				CLANG_WARN_OBJC_LITERAL_CONVERSION = YES;
				CLANG_WARN_OBJC_ROOT_CLASS = YES_ERROR;
				CLANG_WARN_QUOTED_INCLUDE_IN_FRAMEWORK_HEADER = YES;
				CLANG_WARN_RANGE_LOOP_ANALYSIS = YES;
				CLANG_WARN_STRICT_PROTOTYPES = YES;
				CLANG_WARN_SUSPICIOUS_MOVE = YES;
				CLANG_WARN_UNGUARDED_AVAILABILITY = YES_AGGRESSIVE;
				CLANG_WARN_UNREACHABLE_CODE = YES;
				CLANG_WARN__DUPLICATE_METHOD_MATCH = YES;
				COPY_PHASE_STRIP = NO;
				DEBUG_INFORMATION_FORMAT = dwarf;
				ENABLE_STRICT_OBJC_MSGSEND = YES;
				ENABLE_TESTABILITY = YES;
				ENABLE_USER_SCRIPT_SANDBOXING = YES;
				GCC_C_LANGUAGE_STANDARD = gnu17;
				GCC_DYNAMIC_NO_PIC = NO;
				GCC_NO_COMMON_BLOCKS = YES;
				GCC_OPTIMIZATION_LEVEL = 0;
				GCC_PREPROCESSOR_DEFINITIONS = (
					"DEBUG=1",
					"$(inherited)",
				);
				GCC_WARN_64_TO_32_BIT_CONVERSION = YES;
				GCC_WARN_ABOUT_RETURN_TYPE = YES_ERROR;
				GCC_WARN_UNDECLARED_SELECTOR = YES;
				GCC_WARN_UNINITIALIZED_AUTOS = YES_AGGRESSIVE;
				GCC_WARN_UNUSED_FUNCTION = YES;
				GCC_WARN_UNUSED_VARIABLE = YES;
				IPHONEOS_DEPLOYMENT_TARGET = 13.0;
				LOCALIZATION_PREFERS_STRING_CATALOGS = YES;
				MTL_ENABLE_DEBUG_INFO = INCLUDE_SOURCE;
				MTL_FAST_MATH = YES;
				ONLY_ACTIVE_ARCH = YES;
				SDKROOT = iphoneos;
				SWIFT_ACTIVE_COMPILATION_CONDITIONS = "DEBUG $(inherited)";
				SWIFT_OPTIMIZATION_LEVEL = "-Onone";
			};
			name = Debug;
		};
		C14538972B9122E3003535E5 /* Release */ = {
			isa = XCBuildConfiguration;
			buildSettings = {
				ALWAYS_SEARCH_USER_PATHS = NO;
				ASSETCATALOG_COMPILER_GENERATE_SWIFT_ASSET_SYMBOL_EXTENSIONS = YES;
				CLANG_ANALYZER_NONNULL = YES;
				CLANG_ANALYZER_NUMBER_OBJECT_CONVERSION = YES_AGGRESSIVE;
				CLANG_CXX_LANGUAGE_STANDARD = "gnu++20";
				CLANG_ENABLE_MODULES = YES;
				CLANG_ENABLE_OBJC_ARC = YES;
				CLANG_ENABLE_OBJC_WEAK = YES;
				CLANG_WARN_BLOCK_CAPTURE_AUTORELEASING = YES;
				CLANG_WARN_BOOL_CONVERSION = YES;
				CLANG_WARN_COMMA = YES;
				CLANG_WARN_CONSTANT_CONVERSION = YES;
				CLANG_WARN_DEPRECATED_OBJC_IMPLEMENTATIONS = YES;
				CLANG_WARN_DIRECT_OBJC_ISA_USAGE = YES_ERROR;
				CLANG_WARN_DOCUMENTATION_COMMENTS = YES;
				CLANG_WARN_EMPTY_BODY = YES;
				CLANG_WARN_ENUM_CONVERSION = YES;
				CLANG_WARN_INFINITE_RECURSION = YES;
				CLANG_WARN_INT_CONVERSION = YES;
				CLANG_WARN_NON_LITERAL_NULL_CONVERSION = YES;
				CLANG_WARN_OBJC_IMPLICIT_RETAIN_SELF = YES;
				CLANG_WARN_OBJC_LITERAL_CONVERSION = YES;
				CLANG_WARN_OBJC_ROOT_CLASS = YES_ERROR;
				CLANG_WARN_QUOTED_INCLUDE_IN_FRAMEWORK_HEADER = YES;
				CLANG_WARN_RANGE_LOOP_ANALYSIS = YES;
				CLANG_WARN_STRICT_PROTOTYPES = YES;
				CLANG_WARN_SUSPICIOUS_MOVE = YES;
				CLANG_WARN_UNGUARDED_AVAILABILITY = YES_AGGRESSIVE;
				CLANG_WARN_UNREACHABLE_CODE = YES;
				CLANG_WARN__DUPLICATE_METHOD_MATCH = YES;
				COPY_PHASE_STRIP = NO;
				DEBUG_INFORMATION_FORMAT = "dwarf-with-dsym";
				ENABLE_NS_ASSERTIONS = NO;
				ENABLE_STRICT_OBJC_MSGSEND = YES;
				ENABLE_USER_SCRIPT_SANDBOXING = YES;
				GCC_C_LANGUAGE_STANDARD = gnu17;
				GCC_NO_COMMON_BLOCKS = YES;
				GCC_WARN_64_TO_32_BIT_CONVERSION = YES;
				GCC_WARN_ABOUT_RETURN_TYPE = YES_ERROR;
				GCC_WARN_UNDECLARED_SELECTOR = YES;
				GCC_WARN_UNINITIALIZED_AUTOS = YES_AGGRESSIVE;
				GCC_WARN_UNUSED_FUNCTION = YES;
				GCC_WARN_UNUSED_VARIABLE = YES;
				IPHONEOS_DEPLOYMENT_TARGET = 13.0;
				LOCALIZATION_PREFERS_STRING_CATALOGS = YES;
				MTL_ENABLE_DEBUG_INFO = NO;
				MTL_FAST_MATH = YES;
				SDKROOT = iphoneos;
				SWIFT_COMPILATION_MODE = wholemodule;
				VALIDATE_PRODUCT = YES;
			};
			name = Release;
		};
		C14538992B9122E3003535E5 /* Debug */ = {
			isa = XCBuildConfiguration;
			buildSettings = {
				ASSETCATALOG_COMPILER_APPICON_NAME = AppIcon;
				ASSETCATALOG_COMPILER_GLOBAL_ACCENT_COLOR_NAME = AccentColor;
				CODE_SIGN_STYLE = Automatic;
				CURRENT_PROJECT_VERSION = 1;
				DEVELOPMENT_TEAM = BR2776X88Q;
				GENERATE_INFOPLIST_FILE = YES;
				INFOPLIST_FILE = ImageFeed/Info.plist;
				INFOPLIST_KEY_UIApplicationSupportsIndirectInputEvents = YES;
				INFOPLIST_KEY_UILaunchStoryboardName = LaunchScreen;
				INFOPLIST_KEY_UIMainStoryboardFile = Main;
				INFOPLIST_KEY_UIStatusBarStyle = "";
				INFOPLIST_KEY_UISupportedInterfaceOrientations = UIInterfaceOrientationPortrait;
				IPHONEOS_DEPLOYMENT_TARGET = 13.0;
				LD_RUNPATH_SEARCH_PATHS = (
					"$(inherited)",
					"@executable_path/Frameworks",
				);
				MARKETING_VERSION = 1.0;
				PRODUCT_BUNDLE_IDENTIFIER = ru.KatSchreiner.ImageFeed;
				PRODUCT_NAME = "$(TARGET_NAME)";
				SUPPORTED_PLATFORMS = "iphoneos iphonesimulator";
				SUPPORTS_MACCATALYST = NO;
				SWIFT_EMIT_LOC_STRINGS = YES;
				SWIFT_VERSION = 5.0;
				TARGETED_DEVICE_FAMILY = 1;
			};
			name = Debug;
		};
		C145389A2B9122E3003535E5 /* Release */ = {
			isa = XCBuildConfiguration;
			buildSettings = {
				ASSETCATALOG_COMPILER_APPICON_NAME = AppIcon;
				ASSETCATALOG_COMPILER_GLOBAL_ACCENT_COLOR_NAME = AccentColor;
				CODE_SIGN_STYLE = Automatic;
				CURRENT_PROJECT_VERSION = 1;
				DEVELOPMENT_TEAM = BR2776X88Q;
				GENERATE_INFOPLIST_FILE = YES;
				INFOPLIST_FILE = ImageFeed/Info.plist;
				INFOPLIST_KEY_UIApplicationSupportsIndirectInputEvents = YES;
				INFOPLIST_KEY_UILaunchStoryboardName = LaunchScreen;
				INFOPLIST_KEY_UIMainStoryboardFile = Main;
				INFOPLIST_KEY_UIStatusBarStyle = "";
				INFOPLIST_KEY_UISupportedInterfaceOrientations = UIInterfaceOrientationPortrait;
				IPHONEOS_DEPLOYMENT_TARGET = 13.0;
				LD_RUNPATH_SEARCH_PATHS = (
					"$(inherited)",
					"@executable_path/Frameworks",
				);
				MARKETING_VERSION = 1.0;
				PRODUCT_BUNDLE_IDENTIFIER = ru.KatSchreiner.ImageFeed;
				PRODUCT_NAME = "$(TARGET_NAME)";
				SUPPORTED_PLATFORMS = "iphoneos iphonesimulator";
				SUPPORTS_MACCATALYST = NO;
				SWIFT_EMIT_LOC_STRINGS = YES;
				SWIFT_VERSION = 5.0;
				TARGETED_DEVICE_FAMILY = 1;
			};
			name = Release;
		};
/* End XCBuildConfiguration section */

/* Begin XCConfigurationList section */
		C145387F2B9122E1003535E5 /* Build configuration list for PBXProject "ImageFeed" */ = {
			isa = XCConfigurationList;
			buildConfigurations = (
				C14538962B9122E3003535E5 /* Debug */,
				C14538972B9122E3003535E5 /* Release */,
			);
			defaultConfigurationIsVisible = 0;
			defaultConfigurationName = Release;
		};
		C14538982B9122E3003535E5 /* Build configuration list for PBXNativeTarget "ImageFeed" */ = {
			isa = XCConfigurationList;
			buildConfigurations = (
				C14538992B9122E3003535E5 /* Debug */,
				C145389A2B9122E3003535E5 /* Release */,
			);
			defaultConfigurationIsVisible = 0;
			defaultConfigurationName = Release;
		};
/* End XCConfigurationList section */

/* Begin XCRemoteSwiftPackageReference section */
		C136CA8C2BD4F52200E43028 /* XCRemoteSwiftPackageReference "ProgressHUD" */ = {
			isa = XCRemoteSwiftPackageReference;
			repositoryURL = "https://github.com/relatedcode/ProgressHUD";
			requirement = {
				kind = upToNextMajorVersion;
				minimumVersion = 14.1.1;
			};
		};
		C136CA9F2BDAC9BE00E43028 /* XCRemoteSwiftPackageReference "Kingfisher" */ = {
			isa = XCRemoteSwiftPackageReference;
			repositoryURL = "https://github.com/onevcat/Kingfisher";
			requirement = {
				kind = upToNextMajorVersion;
				minimumVersion = 7.11.0;
			};
		};
		C136CAA22BDB9DAD00E43028 /* XCRemoteSwiftPackageReference "SwiftKeychainWrapper" */ = {
			isa = XCRemoteSwiftPackageReference;
			repositoryURL = "https://github.com/jrendel/SwiftKeychainWrapper";
			requirement = {
				kind = upToNextMajorVersion;
				minimumVersion = 4.0.1;
			};
		};
/* End XCRemoteSwiftPackageReference section */

/* Begin XCSwiftPackageProductDependency section */
		C136CA8D2BD4F52200E43028 /* ProgressHUD */ = {
			isa = XCSwiftPackageProductDependency;
			package = C136CA8C2BD4F52200E43028 /* XCRemoteSwiftPackageReference "ProgressHUD" */;
			productName = ProgressHUD;
		};
		C136CAA02BDAC9BE00E43028 /* Kingfisher */ = {
			isa = XCSwiftPackageProductDependency;
			package = C136CA9F2BDAC9BE00E43028 /* XCRemoteSwiftPackageReference "Kingfisher" */;
			productName = Kingfisher;
		};
		C136CAA32BDB9DAE00E43028 /* SwiftKeychainWrapper */ = {
			isa = XCSwiftPackageProductDependency;
			package = C136CAA22BDB9DAD00E43028 /* XCRemoteSwiftPackageReference "SwiftKeychainWrapper" */;
			productName = SwiftKeychainWrapper;
		};
/* End XCSwiftPackageProductDependency section */
	};
	rootObject = C145387C2B9122E1003535E5 /* Project object */;
}
